// !$*UTF8*$!
{
	archiveVersion = 1;
	classes = {
	};
	objectVersion = 52;
	objects = {

/* Begin PBXBuildFile section */
		2B07B5972635B01600F68276 /* LoadingViewController.swift in Sources */ = {isa = PBXBuildFile; fileRef = 2B07B5962635B01600F68276 /* LoadingViewController.swift */; };
		2B07B5A12635B20B00F68276 /* LoadingViewControllerTests.swift in Sources */ = {isa = PBXBuildFile; fileRef = 2B07B5A02635B20B00F68276 /* LoadingViewControllerTests.swift */; };
		2B07B5AB2635B4F700F68276 /* SectionController.swift in Sources */ = {isa = PBXBuildFile; fileRef = 2B07B5AA2635B4F700F68276 /* SectionController.swift */; };
		2B07B5BD2635B7DB00F68276 /* DiffableTableViewController.swift in Sources */ = {isa = PBXBuildFile; fileRef = 2B07B5BC2635B7DB00F68276 /* DiffableTableViewController.swift */; };
		2B07B5C82635BA7D00F68276 /* SearchResultCellController.swift in Sources */ = {isa = PBXBuildFile; fileRef = 2B07B5C72635BA7D00F68276 /* SearchResultCellController.swift */; };
		2B07B5D22635BB6500F68276 /* UITableView+Extensions.swift in Sources */ = {isa = PBXBuildFile; fileRef = 2B07B5D12635BB6500F68276 /* UITableView+Extensions.swift */; };
		2B07B5DC2635BC0000F68276 /* NextResultsCellController.swift in Sources */ = {isa = PBXBuildFile; fileRef = 2B07B5DB2635BC0000F68276 /* NextResultsCellController.swift */; };
		2B07B5E72635D1E600F68276 /* SearchResultCell.swift in Sources */ = {isa = PBXBuildFile; fileRef = 2B07B5E62635D1E600F68276 /* SearchResultCell.swift */; };
		2B07B5F12635D1F000F68276 /* NextResultsCell.swift in Sources */ = {isa = PBXBuildFile; fileRef = 2B07B5F02635D1F000F68276 /* NextResultsCell.swift */; };
		2B07B68C2636095800F68276 /* Kingfisher in Frameworks */ = {isa = PBXBuildFile; productRef = 2B07B68B2636095800F68276 /* Kingfisher */; };
		2B07B69726360A9700F68276 /* SearchResultCell.xib in Resources */ = {isa = PBXBuildFile; fileRef = 2B07B69626360A9700F68276 /* SearchResultCell.xib */; };
		2B07B6AB26360FAB00F68276 /* EmptyViewController.swift in Sources */ = {isa = PBXBuildFile; fileRef = 2B07B6AA26360FAB00F68276 /* EmptyViewController.swift */; };
		2B07B6FE26364FA900F68276 /* AnalyzeViewController.swift in Sources */ = {isa = PBXBuildFile; fileRef = 2B07B6FD26364FA900F68276 /* AnalyzeViewController.swift */; };
		2B07B7122636513800F68276 /* AnalyzeResultViewController.swift in Sources */ = {isa = PBXBuildFile; fileRef = 2B07B7112636513800F68276 /* AnalyzeResultViewController.swift */; };
		2B07B71D2636521400F68276 /* FloatingPoint+Extensions.swift in Sources */ = {isa = PBXBuildFile; fileRef = 2B07B71C2636521400F68276 /* FloatingPoint+Extensions.swift */; };
		2B07B74D2636F91C00F68276 /* AnalyzeViewControllerTests.swift in Sources */ = {isa = PBXBuildFile; fileRef = 2B07B74C2636F91C00F68276 /* AnalyzeViewControllerTests.swift */; };
		2B07B79E2637444700F68276 /* UITableView+Extensions.swift in Sources */ = {isa = PBXBuildFile; fileRef = 2B07B79D2637444700F68276 /* UITableView+Extensions.swift */; };
		2B07B7BB2637446200F68276 /* UIControl+Extensions.swift in Sources */ = {isa = PBXBuildFile; fileRef = 2B07B7BA2637446200F68276 /* UIControl+Extensions.swift */; };
		2B467DB92630B13D003849CB /* SentimentifyEngine.framework in Frameworks */ = {isa = PBXBuildFile; fileRef = 2B467DAF2630B13D003849CB /* SentimentifyEngine.framework */; };
		2B51B12A26359C7100C0695F /* SentimentifyiOS.framework in Frameworks */ = {isa = PBXBuildFile; fileRef = 2B51B12126359C7100C0695F /* SentimentifyiOS.framework */; };
		2B51B15F26359CC600C0695F /* SentimentifyEngine.framework in Frameworks */ = {isa = PBXBuildFile; fileRef = 2B467DAF2630B13D003849CB /* SentimentifyEngine.framework */; platformFilter = ios; };
		2B51B16626359CDF00C0695F /* libSentimentifyTestExtensions.a in Frameworks */ = {isa = PBXBuildFile; fileRef = 2BC5145B2634686C0067FDD3 /* libSentimentifyTestExtensions.a */; };
		2B51B17926359D5F00C0695F /* SearchViewController.swift in Sources */ = {isa = PBXBuildFile; fileRef = 2B51B17826359D5F00C0695F /* SearchViewController.swift */; };
		2B51B18C26359DDE00C0695F /* SearchViewControllerTests.swift in Sources */ = {isa = PBXBuildFile; fileRef = 2B51B18B26359DDE00C0695F /* SearchViewControllerTests.swift */; };
		2B51B1AA2635A38F00C0695F /* UIRefreshControl+Extensions.swift in Sources */ = {isa = PBXBuildFile; fileRef = 2B51B1A92635A38F00C0695F /* UIRefreshControl+Extensions.swift */; };
		2B51B1B42635A5E700C0695F /* ErrorViewController.swift in Sources */ = {isa = PBXBuildFile; fileRef = 2B51B1B32635A5E700C0695F /* ErrorViewController.swift */; };
		2B51B1BE2635A66700C0695F /* UIViewController+Extensions.swift in Sources */ = {isa = PBXBuildFile; fileRef = 2B51B1BD2635A66700C0695F /* UIViewController+Extensions.swift */; };
		2B51B1CA2635A70800C0695F /* ErrorViewControllerTests.swift in Sources */ = {isa = PBXBuildFile; fileRef = 2B51B1C92635A70800C0695F /* ErrorViewControllerTests.swift */; };
		2B6BF40C2630FBC5006A05FE /* SearchLoader.swift in Sources */ = {isa = PBXBuildFile; fileRef = 2B6BF40B2630FBC5006A05FE /* SearchLoader.swift */; };
		2B6BF4102630FBDE006A05FE /* SearchResult.swift in Sources */ = {isa = PBXBuildFile; fileRef = 2B6BF40F2630FBDE006A05FE /* SearchResult.swift */; };
		2B6BF4352631A1BF006A05FE /* SearchInput.swift in Sources */ = {isa = PBXBuildFile; fileRef = 2B6BF4342631A1BF006A05FE /* SearchInput.swift */; };
		2B6BF4402631A2B2006A05FE /* HTTPClient.swift in Sources */ = {isa = PBXBuildFile; fileRef = 2B6BF43F2631A2B2006A05FE /* HTTPClient.swift */; };
		2BC512E726325B270067FDD3 /* URLSessionHTTPClient.swift in Sources */ = {isa = PBXBuildFile; fileRef = 2BC512E626325B270067FDD3 /* URLSessionHTTPClient.swift */; };
		2BC512EC26325B450067FDD3 /* URLSessionHTTPClientTests.swift in Sources */ = {isa = PBXBuildFile; fileRef = 2BC512EB26325B450067FDD3 /* URLSessionHTTPClientTests.swift */; };
		2BC513122633133B0067FDD3 /* SearchUseCaseTests.swift in Sources */ = {isa = PBXBuildFile; fileRef = 2BC513112633133B0067FDD3 /* SearchUseCaseTests.swift */; };
		2BC513182633139B0067FDD3 /* SearchUseCase.swift in Sources */ = {isa = PBXBuildFile; fileRef = 2BC513172633139B0067FDD3 /* SearchUseCase.swift */; };
		2BC51333263324150067FDD3 /* AnalyzeUseCaseTests.swift in Sources */ = {isa = PBXBuildFile; fileRef = 2BC51332263324150067FDD3 /* AnalyzeUseCaseTests.swift */; };
		2BC5133726333FEF0067FDD3 /* AnalyzeUseCase.swift in Sources */ = {isa = PBXBuildFile; fileRef = 2BC5133626333FEF0067FDD3 /* AnalyzeUseCase.swift */; };
		2BC5133B263340050067FDD3 /* AnalyzeLoader.swift in Sources */ = {isa = PBXBuildFile; fileRef = 2BC5133A263340050067FDD3 /* AnalyzeLoader.swift */; };
		2BC5133F263340180067FDD3 /* AnalyzeInput.swift in Sources */ = {isa = PBXBuildFile; fileRef = 2BC5133E263340180067FDD3 /* AnalyzeInput.swift */; };
		2BC51343263340260067FDD3 /* AnalyzeResult.swift in Sources */ = {isa = PBXBuildFile; fileRef = 2BC51342263340260067FDD3 /* AnalyzeResult.swift */; };
		2BC5134726334DD60067FDD3 /* AnalyzeClassifier.swift in Sources */ = {isa = PBXBuildFile; fileRef = 2BC5134626334DD60067FDD3 /* AnalyzeClassifier.swift */; };
		2BC5134B26334DE80067FDD3 /* AnalyzeScore.swift in Sources */ = {isa = PBXBuildFile; fileRef = 2BC5134A26334DE80067FDD3 /* AnalyzeScore.swift */; };
		2BC5135A2633503E0067FDD3 /* SearchPresenter.swift in Sources */ = {isa = PBXBuildFile; fileRef = 2BC513592633503E0067FDD3 /* SearchPresenter.swift */; };
		2BC51360263350540067FDD3 /* SearchPresenterTests.swift in Sources */ = {isa = PBXBuildFile; fileRef = 2BC5135F263350540067FDD3 /* SearchPresenterTests.swift */; };
		2BC5136526335D820067FDD3 /* LoadingView.swift in Sources */ = {isa = PBXBuildFile; fileRef = 2BC5136426335D820067FDD3 /* LoadingView.swift */; };
		2BC5136B26335D8A0067FDD3 /* ErrorView.swift in Sources */ = {isa = PBXBuildFile; fileRef = 2BC5136A26335D8A0067FDD3 /* ErrorView.swift */; };
		2BC5136F26335D930067FDD3 /* LoadingViewModel.swift in Sources */ = {isa = PBXBuildFile; fileRef = 2BC5136E26335D930067FDD3 /* LoadingViewModel.swift */; };
		2BC5137326335D9F0067FDD3 /* ErrorViewModel.swift in Sources */ = {isa = PBXBuildFile; fileRef = 2BC5137226335D9F0067FDD3 /* ErrorViewModel.swift */; };
		2BC5137726335DD90067FDD3 /* SearchViewModel.swift in Sources */ = {isa = PBXBuildFile; fileRef = 2BC5137626335DD90067FDD3 /* SearchViewModel.swift */; };
		2BC5138026335F490067FDD3 /* AnalyzePresenterTests.swift in Sources */ = {isa = PBXBuildFile; fileRef = 2BC5137F26335F490067FDD3 /* AnalyzePresenterTests.swift */; };
		2BC5138626335F580067FDD3 /* AnalyzePresenter.swift in Sources */ = {isa = PBXBuildFile; fileRef = 2BC5138526335F580067FDD3 /* AnalyzePresenter.swift */; };
		2BC513992634468A0067FDD3 /* TwitterSearchInfrastructure.framework in Frameworks */ = {isa = PBXBuildFile; fileRef = 2BC513902634468A0067FDD3 /* TwitterSearchInfrastructure.framework */; };
		2BC513B9263448270067FDD3 /* GoogleAnalyzeInfrastructure.framework in Frameworks */ = {isa = PBXBuildFile; fileRef = 2BC513B0263448260067FDD3 /* GoogleAnalyzeInfrastructure.framework */; };
		2BC513CE263449870067FDD3 /* NaturalLanguageAPI.swift in Sources */ = {isa = PBXBuildFile; fileRef = 2BC513CD263449870067FDD3 /* NaturalLanguageAPI.swift */; };
		2BC513D6263449AB0067FDD3 /* NaturalLanguageAPITests.swift in Sources */ = {isa = PBXBuildFile; fileRef = 2BC513D5263449AB0067FDD3 /* NaturalLanguageAPITests.swift */; };
		2BC513EA263453C60067FDD3 /* SentimentifyEngine.framework in Frameworks */ = {isa = PBXBuildFile; fileRef = 2B467DAF2630B13D003849CB /* SentimentifyEngine.framework */; };
		2BC513F5263453CE0067FDD3 /* SentimentifyEngine.framework in Frameworks */ = {isa = PBXBuildFile; fileRef = 2B467DAF2630B13D003849CB /* SentimentifyEngine.framework */; };
		2BC5140F26345DD30067FDD3 /* AnalyzeSentimentRequest.swift in Sources */ = {isa = PBXBuildFile; fileRef = 2BC5140E26345DD30067FDD3 /* AnalyzeSentimentRequest.swift */; };
		2BC5141D263463750067FDD3 /* NaturalLanguageAnalyzeLoader.swift in Sources */ = {isa = PBXBuildFile; fileRef = 2BC5141C263463750067FDD3 /* NaturalLanguageAnalyzeLoader.swift */; };
		2BC51425263463860067FDD3 /* NaturalLanguageAnalyzeLoaderTests.swift in Sources */ = {isa = PBXBuildFile; fileRef = 2BC51424263463860067FDD3 /* NaturalLanguageAnalyzeLoaderTests.swift */; };
		2BC5147C263468F80067FDD3 /* XCTest.framework in Frameworks */ = {isa = PBXBuildFile; fileRef = 2BC5147B263468F80067FDD3 /* XCTest.framework */; };
		2BC51485263469250067FDD3 /* XCTest+Extensions.swift in Sources */ = {isa = PBXBuildFile; fileRef = 2BC51484263469250067FDD3 /* XCTest+Extensions.swift */; };
		2BC514952634694C0067FDD3 /* Error+Extensions.swift in Sources */ = {isa = PBXBuildFile; fileRef = 2BC514942634694C0067FDD3 /* Error+Extensions.swift */; };
		2BC514D826346A6B0067FDD3 /* libSentimentifyTestExtensions.a in Frameworks */ = {isa = PBXBuildFile; fileRef = 2BC5145B2634686C0067FDD3 /* libSentimentifyTestExtensions.a */; };
		2BC5154026346C4D0067FDD3 /* libSentimentifyTestExtensions.a in Frameworks */ = {isa = PBXBuildFile; fileRef = 2BC5145B2634686C0067FDD3 /* libSentimentifyTestExtensions.a */; };
		2BC5154A26346C730067FDD3 /* libSentimentifyTestExtensions.a in Frameworks */ = {isa = PBXBuildFile; fileRef = 2BC5145B2634686C0067FDD3 /* libSentimentifyTestExtensions.a */; };
		2BC5155326346D580067FDD3 /* AnalyzeSentimentResponse.swift in Sources */ = {isa = PBXBuildFile; fileRef = 2BC5155226346D580067FDD3 /* AnalyzeSentimentResponse.swift */; };
		2BC5155C26346DA70067FDD3 /* AnalyzeSentimentResponseTests.swift in Sources */ = {isa = PBXBuildFile; fileRef = 2BC5155B26346DA70067FDD3 /* AnalyzeSentimentResponseTests.swift */; };
		2BC5156526346F490067FDD3 /* SharedHelpers.swift in Sources */ = {isa = PBXBuildFile; fileRef = 2BC5156426346F490067FDD3 /* SharedHelpers.swift */; };
		2BC5156E26346F620067FDD3 /* HTTPURLResponse+Extensions.swift in Sources */ = {isa = PBXBuildFile; fileRef = 2BC5156D26346F620067FDD3 /* HTTPURLResponse+Extensions.swift */; };
		2BC515A026346FDD0067FDD3 /* HTTPClient+Extensions.swift in Sources */ = {isa = PBXBuildFile; fileRef = 2B6BF45D2631A679006A05FE /* HTTPClient+Extensions.swift */; };
		2BC515BE26347D680067FDD3 /* AnalyzeSentimentRequestTests.swift in Sources */ = {isa = PBXBuildFile; fileRef = 2BC515BD26347D680067FDD3 /* AnalyzeSentimentRequestTests.swift */; };
		2BC515DC2634807B0067FDD3 /* NaturalLanguageAnalyzeClassifierTests.swift in Sources */ = {isa = PBXBuildFile; fileRef = 2BC515DB2634807B0067FDD3 /* NaturalLanguageAnalyzeClassifierTests.swift */; };
		2BC515E5263480BB0067FDD3 /* NaturalLanguageAnalyzeClassifier.swift in Sources */ = {isa = PBXBuildFile; fileRef = 2BC515E4263480BB0067FDD3 /* NaturalLanguageAnalyzeClassifier.swift */; };
		2BC516172634DFFE0067FDD3 /* NaturalLanguageAuthenticatedHTTPClientDecorator.swift in Sources */ = {isa = PBXBuildFile; fileRef = 2BC516162634DFFE0067FDD3 /* NaturalLanguageAuthenticatedHTTPClientDecorator.swift */; };
		2BC516232634E00E0067FDD3 /* NaturalLanguageAuthenticatedHTTPClientDecoratorTests.swift in Sources */ = {isa = PBXBuildFile; fileRef = 2BC516222634E00E0067FDD3 /* NaturalLanguageAuthenticatedHTTPClientDecoratorTests.swift */; };
		2BC516422634F6A30067FDD3 /* TwitterAPI.swift in Sources */ = {isa = PBXBuildFile; fileRef = 2BC516412634F6A30067FDD3 /* TwitterAPI.swift */; };
		2BC5164B2634F6CB0067FDD3 /* TwitterAPITests.swift in Sources */ = {isa = PBXBuildFile; fileRef = 2BC5164A2634F6CB0067FDD3 /* TwitterAPITests.swift */; };
		2BC516542634FC920067FDD3 /* TwitterCredential.swift in Sources */ = {isa = PBXBuildFile; fileRef = 2BC516532634FC920067FDD3 /* TwitterCredential.swift */; };
		2BC5165D2634FCAA0067FDD3 /* NaturalLanguageCredential.swift in Sources */ = {isa = PBXBuildFile; fileRef = 2BC5165C2634FCAA0067FDD3 /* NaturalLanguageCredential.swift */; };
		2BC51666263500B60067FDD3 /* TwitterAuthenticatedHTTPClientDecorator.swift in Sources */ = {isa = PBXBuildFile; fileRef = 2BC51665263500B60067FDD3 /* TwitterAuthenticatedHTTPClientDecorator.swift */; };
		2BC5166F263500CB0067FDD3 /* TwitterAuthenticatedHTTPClientDecoratorTests.swift in Sources */ = {isa = PBXBuildFile; fileRef = 2BC5166E263500CB0067FDD3 /* TwitterAuthenticatedHTTPClientDecoratorTests.swift */; };
		2BC5168D263507540067FDD3 /* TwitterAuthenticationResponse.swift in Sources */ = {isa = PBXBuildFile; fileRef = 2BC5168C263507540067FDD3 /* TwitterAuthenticationResponse.swift */; };
		2BC5169626350D430067FDD3 /* URLRequest+Extensions.swift in Sources */ = {isa = PBXBuildFile; fileRef = 2BC5169526350D430067FDD3 /* URLRequest+Extensions.swift */; };
		2BC5169F26350E620067FDD3 /* TwitterAccessToken.swift in Sources */ = {isa = PBXBuildFile; fileRef = 2BC5169E26350E620067FDD3 /* TwitterAccessToken.swift */; };
		2BC516A82635105B0067FDD3 /* TwitterSearchLoader.swift in Sources */ = {isa = PBXBuildFile; fileRef = 2BC516A72635105B0067FDD3 /* TwitterSearchLoader.swift */; };
		2BC516C1263511010067FDD3 /* TwitterSearchLoaderTests.swift in Sources */ = {isa = PBXBuildFile; fileRef = 2BC516C0263511010067FDD3 /* TwitterSearchLoaderTests.swift */; };
		2BC516CA263511E80067FDD3 /* TwitterSearchResponse.swift in Sources */ = {isa = PBXBuildFile; fileRef = 2BC516C9263511E80067FDD3 /* TwitterSearchResponse.swift */; };
		2BC516D3263512440067FDD3 /* TwitterSearchResponseTests.swift in Sources */ = {isa = PBXBuildFile; fileRef = 2BC516D2263512440067FDD3 /* TwitterSearchResponseTests.swift */; };
		2BC516DC2635125A0067FDD3 /* TwitterAuthenticationResponseTests.swift in Sources */ = {isa = PBXBuildFile; fileRef = 2BC516DB2635125A0067FDD3 /* TwitterAuthenticationResponseTests.swift */; };
		2BC516E5263517CC0067FDD3 /* DateFormatter+Extensions.swift in Sources */ = {isa = PBXBuildFile; fileRef = 2BC516E4263517CC0067FDD3 /* DateFormatter+Extensions.swift */; };
/* End PBXBuildFile section */

/* Begin PBXContainerItemProxy section */
		2B467DBA2630B13D003849CB /* PBXContainerItemProxy */ = {
			isa = PBXContainerItemProxy;
			containerPortal = 2B467DA62630B13D003849CB /* Project object */;
			proxyType = 1;
			remoteGlobalIDString = 2B467DAE2630B13D003849CB;
			remoteInfo = SentimentifyEngine;
		};
		2B51B12B26359C7100C0695F /* PBXContainerItemProxy */ = {
			isa = PBXContainerItemProxy;
			containerPortal = 2B467DA62630B13D003849CB /* Project object */;
			proxyType = 1;
			remoteGlobalIDString = 2B51B12026359C7100C0695F;
			remoteInfo = SentimentifyiOS;
		};
		2B51B16126359CC600C0695F /* PBXContainerItemProxy */ = {
			isa = PBXContainerItemProxy;
			containerPortal = 2B467DA62630B13D003849CB /* Project object */;
			proxyType = 1;
			remoteGlobalIDString = 2B467DAE2630B13D003849CB;
			remoteInfo = SentimentifyEngine;
		};
		2B51B16426359CD800C0695F /* PBXContainerItemProxy */ = {
			isa = PBXContainerItemProxy;
			containerPortal = 2B467DA62630B13D003849CB /* Project object */;
			proxyType = 1;
			remoteGlobalIDString = 2BC5145A2634686C0067FDD3;
			remoteInfo = SentimentifyTestExtensions;
		};
		2BC5139A2634468A0067FDD3 /* PBXContainerItemProxy */ = {
			isa = PBXContainerItemProxy;
			containerPortal = 2B467DA62630B13D003849CB /* Project object */;
			proxyType = 1;
			remoteGlobalIDString = 2BC5138F2634468A0067FDD3;
			remoteInfo = TwitterSearchInfrastructure;
		};
		2BC513BA263448270067FDD3 /* PBXContainerItemProxy */ = {
			isa = PBXContainerItemProxy;
			containerPortal = 2B467DA62630B13D003849CB /* Project object */;
			proxyType = 1;
			remoteGlobalIDString = 2BC513AF263448260067FDD3;
			remoteInfo = GoogleAnalyzeInfrastructure;
		};
		2BC513EC263453C60067FDD3 /* PBXContainerItemProxy */ = {
			isa = PBXContainerItemProxy;
			containerPortal = 2B467DA62630B13D003849CB /* Project object */;
			proxyType = 1;
			remoteGlobalIDString = 2B467DAE2630B13D003849CB;
			remoteInfo = SentimentifyEngine;
		};
		2BC513F7263453CE0067FDD3 /* PBXContainerItemProxy */ = {
			isa = PBXContainerItemProxy;
			containerPortal = 2B467DA62630B13D003849CB /* Project object */;
			proxyType = 1;
			remoteGlobalIDString = 2B467DAE2630B13D003849CB;
			remoteInfo = SentimentifyEngine;
		};
		2BC514D626346A670067FDD3 /* PBXContainerItemProxy */ = {
			isa = PBXContainerItemProxy;
			containerPortal = 2B467DA62630B13D003849CB /* Project object */;
			proxyType = 1;
			remoteGlobalIDString = 2BC5145A2634686C0067FDD3;
			remoteInfo = SentimentifyTestExtensions;
		};
		2BC5153E26346C4A0067FDD3 /* PBXContainerItemProxy */ = {
			isa = PBXContainerItemProxy;
			containerPortal = 2B467DA62630B13D003849CB /* Project object */;
			proxyType = 1;
			remoteGlobalIDString = 2BC5145A2634686C0067FDD3;
			remoteInfo = SentimentifyTestExtensions;
		};
		2BC5154826346C6F0067FDD3 /* PBXContainerItemProxy */ = {
			isa = PBXContainerItemProxy;
			containerPortal = 2B467DA62630B13D003849CB /* Project object */;
			proxyType = 1;
			remoteGlobalIDString = 2BC5145A2634686C0067FDD3;
			remoteInfo = SentimentifyTestExtensions;
		};
		2BC515FB2634874D0067FDD3 /* PBXContainerItemProxy */ = {
			isa = PBXContainerItemProxy;
			containerPortal = 2B467DA62630B13D003849CB /* Project object */;
			proxyType = 1;
			remoteGlobalIDString = 2B467DAE2630B13D003849CB;
			remoteInfo = SentimentifyEngine;
		};
/* End PBXContainerItemProxy section */

/* Begin PBXFileReference section */
		2B07B5962635B01600F68276 /* LoadingViewController.swift */ = {isa = PBXFileReference; lastKnownFileType = sourcecode.swift; path = LoadingViewController.swift; sourceTree = "<group>"; };
		2B07B5A02635B20B00F68276 /* LoadingViewControllerTests.swift */ = {isa = PBXFileReference; lastKnownFileType = sourcecode.swift; path = LoadingViewControllerTests.swift; sourceTree = "<group>"; };
		2B07B5AA2635B4F700F68276 /* SectionController.swift */ = {isa = PBXFileReference; lastKnownFileType = sourcecode.swift; path = SectionController.swift; sourceTree = "<group>"; };
		2B07B5BC2635B7DB00F68276 /* DiffableTableViewController.swift */ = {isa = PBXFileReference; lastKnownFileType = sourcecode.swift; path = DiffableTableViewController.swift; sourceTree = "<group>"; };
		2B07B5C72635BA7D00F68276 /* SearchResultCellController.swift */ = {isa = PBXFileReference; lastKnownFileType = sourcecode.swift; path = SearchResultCellController.swift; sourceTree = "<group>"; };
		2B07B5D12635BB6500F68276 /* UITableView+Extensions.swift */ = {isa = PBXFileReference; lastKnownFileType = sourcecode.swift; path = "UITableView+Extensions.swift"; sourceTree = "<group>"; };
		2B07B5DB2635BC0000F68276 /* NextResultsCellController.swift */ = {isa = PBXFileReference; lastKnownFileType = sourcecode.swift; path = NextResultsCellController.swift; sourceTree = "<group>"; };
		2B07B5E62635D1E600F68276 /* SearchResultCell.swift */ = {isa = PBXFileReference; lastKnownFileType = sourcecode.swift; path = SearchResultCell.swift; sourceTree = "<group>"; };
		2B07B5F02635D1F000F68276 /* NextResultsCell.swift */ = {isa = PBXFileReference; lastKnownFileType = sourcecode.swift; path = NextResultsCell.swift; sourceTree = "<group>"; };
		2B07B69626360A9700F68276 /* SearchResultCell.xib */ = {isa = PBXFileReference; lastKnownFileType = file.xib; path = SearchResultCell.xib; sourceTree = "<group>"; };
		2B07B6AA26360FAB00F68276 /* EmptyViewController.swift */ = {isa = PBXFileReference; lastKnownFileType = sourcecode.swift; path = EmptyViewController.swift; sourceTree = "<group>"; };
		2B07B6FD26364FA900F68276 /* AnalyzeViewController.swift */ = {isa = PBXFileReference; lastKnownFileType = sourcecode.swift; path = AnalyzeViewController.swift; sourceTree = "<group>"; };
		2B07B7112636513800F68276 /* AnalyzeResultViewController.swift */ = {isa = PBXFileReference; lastKnownFileType = sourcecode.swift; path = AnalyzeResultViewController.swift; sourceTree = "<group>"; };
		2B07B71C2636521400F68276 /* FloatingPoint+Extensions.swift */ = {isa = PBXFileReference; lastKnownFileType = sourcecode.swift; path = "FloatingPoint+Extensions.swift"; sourceTree = "<group>"; };
		2B07B74C2636F91C00F68276 /* AnalyzeViewControllerTests.swift */ = {isa = PBXFileReference; lastKnownFileType = sourcecode.swift; path = AnalyzeViewControllerTests.swift; sourceTree = "<group>"; };
		2B07B79D2637444700F68276 /* UITableView+Extensions.swift */ = {isa = PBXFileReference; lastKnownFileType = sourcecode.swift; path = "UITableView+Extensions.swift"; sourceTree = "<group>"; };
		2B07B7BA2637446200F68276 /* UIControl+Extensions.swift */ = {isa = PBXFileReference; lastKnownFileType = sourcecode.swift; path = "UIControl+Extensions.swift"; sourceTree = "<group>"; };
		2B467DAF2630B13D003849CB /* SentimentifyEngine.framework */ = {isa = PBXFileReference; explicitFileType = wrapper.framework; includeInIndex = 0; path = SentimentifyEngine.framework; sourceTree = BUILT_PRODUCTS_DIR; };
		2B467DB32630B13D003849CB /* Info.plist */ = {isa = PBXFileReference; lastKnownFileType = text.plist.xml; path = Info.plist; sourceTree = "<group>"; };
		2B467DB82630B13D003849CB /* SentimentifyEngineTests.xctest */ = {isa = PBXFileReference; explicitFileType = wrapper.cfbundle; includeInIndex = 0; path = SentimentifyEngineTests.xctest; sourceTree = BUILT_PRODUCTS_DIR; };
		2B467DBF2630B13D003849CB /* Info.plist */ = {isa = PBXFileReference; lastKnownFileType = text.plist.xml; path = Info.plist; sourceTree = "<group>"; };
		2B51B12126359C7100C0695F /* SentimentifyiOS.framework */ = {isa = PBXFileReference; explicitFileType = wrapper.framework; includeInIndex = 0; path = SentimentifyiOS.framework; sourceTree = BUILT_PRODUCTS_DIR; };
		2B51B12426359C7100C0695F /* Info.plist */ = {isa = PBXFileReference; lastKnownFileType = text.plist.xml; path = Info.plist; sourceTree = "<group>"; };
		2B51B12926359C7100C0695F /* SentimentifyiOSTests.xctest */ = {isa = PBXFileReference; explicitFileType = wrapper.cfbundle; includeInIndex = 0; path = SentimentifyiOSTests.xctest; sourceTree = BUILT_PRODUCTS_DIR; };
		2B51B13026359C7100C0695F /* Info.plist */ = {isa = PBXFileReference; lastKnownFileType = text.plist.xml; path = Info.plist; sourceTree = "<group>"; };
		2B51B17826359D5F00C0695F /* SearchViewController.swift */ = {isa = PBXFileReference; lastKnownFileType = sourcecode.swift; path = SearchViewController.swift; sourceTree = "<group>"; };
		2B51B18B26359DDE00C0695F /* SearchViewControllerTests.swift */ = {isa = PBXFileReference; lastKnownFileType = sourcecode.swift; path = SearchViewControllerTests.swift; sourceTree = "<group>"; };
		2B51B1A92635A38F00C0695F /* UIRefreshControl+Extensions.swift */ = {isa = PBXFileReference; lastKnownFileType = sourcecode.swift; path = "UIRefreshControl+Extensions.swift"; sourceTree = "<group>"; };
		2B51B1B32635A5E700C0695F /* ErrorViewController.swift */ = {isa = PBXFileReference; lastKnownFileType = sourcecode.swift; path = ErrorViewController.swift; sourceTree = "<group>"; };
		2B51B1BD2635A66700C0695F /* UIViewController+Extensions.swift */ = {isa = PBXFileReference; lastKnownFileType = sourcecode.swift; path = "UIViewController+Extensions.swift"; sourceTree = "<group>"; };
		2B51B1C92635A70800C0695F /* ErrorViewControllerTests.swift */ = {isa = PBXFileReference; lastKnownFileType = sourcecode.swift; path = ErrorViewControllerTests.swift; sourceTree = "<group>"; };
		2B6BF40B2630FBC5006A05FE /* SearchLoader.swift */ = {isa = PBXFileReference; lastKnownFileType = sourcecode.swift; path = SearchLoader.swift; sourceTree = "<group>"; };
		2B6BF40F2630FBDE006A05FE /* SearchResult.swift */ = {isa = PBXFileReference; lastKnownFileType = sourcecode.swift; path = SearchResult.swift; sourceTree = "<group>"; };
		2B6BF4342631A1BF006A05FE /* SearchInput.swift */ = {isa = PBXFileReference; lastKnownFileType = sourcecode.swift; path = SearchInput.swift; sourceTree = "<group>"; };
		2B6BF43F2631A2B2006A05FE /* HTTPClient.swift */ = {isa = PBXFileReference; lastKnownFileType = sourcecode.swift; path = HTTPClient.swift; sourceTree = "<group>"; };
		2B6BF45D2631A679006A05FE /* HTTPClient+Extensions.swift */ = {isa = PBXFileReference; lastKnownFileType = sourcecode.swift; path = "HTTPClient+Extensions.swift"; sourceTree = "<group>"; };
		2BC512E626325B270067FDD3 /* URLSessionHTTPClient.swift */ = {isa = PBXFileReference; lastKnownFileType = sourcecode.swift; path = URLSessionHTTPClient.swift; sourceTree = "<group>"; };
		2BC512EB26325B450067FDD3 /* URLSessionHTTPClientTests.swift */ = {isa = PBXFileReference; lastKnownFileType = sourcecode.swift; path = URLSessionHTTPClientTests.swift; sourceTree = "<group>"; };
		2BC513112633133B0067FDD3 /* SearchUseCaseTests.swift */ = {isa = PBXFileReference; lastKnownFileType = sourcecode.swift; path = SearchUseCaseTests.swift; sourceTree = "<group>"; };
		2BC513172633139B0067FDD3 /* SearchUseCase.swift */ = {isa = PBXFileReference; lastKnownFileType = sourcecode.swift; path = SearchUseCase.swift; sourceTree = "<group>"; };
		2BC51332263324150067FDD3 /* AnalyzeUseCaseTests.swift */ = {isa = PBXFileReference; lastKnownFileType = sourcecode.swift; path = AnalyzeUseCaseTests.swift; sourceTree = "<group>"; };
		2BC5133626333FEF0067FDD3 /* AnalyzeUseCase.swift */ = {isa = PBXFileReference; lastKnownFileType = sourcecode.swift; path = AnalyzeUseCase.swift; sourceTree = "<group>"; };
		2BC5133A263340050067FDD3 /* AnalyzeLoader.swift */ = {isa = PBXFileReference; lastKnownFileType = sourcecode.swift; path = AnalyzeLoader.swift; sourceTree = "<group>"; };
		2BC5133E263340180067FDD3 /* AnalyzeInput.swift */ = {isa = PBXFileReference; lastKnownFileType = sourcecode.swift; path = AnalyzeInput.swift; sourceTree = "<group>"; };
		2BC51342263340260067FDD3 /* AnalyzeResult.swift */ = {isa = PBXFileReference; lastKnownFileType = sourcecode.swift; path = AnalyzeResult.swift; sourceTree = "<group>"; };
		2BC5134626334DD60067FDD3 /* AnalyzeClassifier.swift */ = {isa = PBXFileReference; lastKnownFileType = sourcecode.swift; path = AnalyzeClassifier.swift; sourceTree = "<group>"; };
		2BC5134A26334DE80067FDD3 /* AnalyzeScore.swift */ = {isa = PBXFileReference; lastKnownFileType = sourcecode.swift; path = AnalyzeScore.swift; sourceTree = "<group>"; };
		2BC513592633503E0067FDD3 /* SearchPresenter.swift */ = {isa = PBXFileReference; lastKnownFileType = sourcecode.swift; path = SearchPresenter.swift; sourceTree = "<group>"; };
		2BC5135F263350540067FDD3 /* SearchPresenterTests.swift */ = {isa = PBXFileReference; lastKnownFileType = sourcecode.swift; path = SearchPresenterTests.swift; sourceTree = "<group>"; };
		2BC5136426335D820067FDD3 /* LoadingView.swift */ = {isa = PBXFileReference; lastKnownFileType = sourcecode.swift; path = LoadingView.swift; sourceTree = "<group>"; };
		2BC5136A26335D8A0067FDD3 /* ErrorView.swift */ = {isa = PBXFileReference; lastKnownFileType = sourcecode.swift; path = ErrorView.swift; sourceTree = "<group>"; };
		2BC5136E26335D930067FDD3 /* LoadingViewModel.swift */ = {isa = PBXFileReference; lastKnownFileType = sourcecode.swift; path = LoadingViewModel.swift; sourceTree = "<group>"; };
		2BC5137226335D9F0067FDD3 /* ErrorViewModel.swift */ = {isa = PBXFileReference; lastKnownFileType = sourcecode.swift; path = ErrorViewModel.swift; sourceTree = "<group>"; };
		2BC5137626335DD90067FDD3 /* SearchViewModel.swift */ = {isa = PBXFileReference; lastKnownFileType = sourcecode.swift; path = SearchViewModel.swift; sourceTree = "<group>"; };
		2BC5137F26335F490067FDD3 /* AnalyzePresenterTests.swift */ = {isa = PBXFileReference; lastKnownFileType = sourcecode.swift; path = AnalyzePresenterTests.swift; sourceTree = "<group>"; };
		2BC5138526335F580067FDD3 /* AnalyzePresenter.swift */ = {isa = PBXFileReference; lastKnownFileType = sourcecode.swift; path = AnalyzePresenter.swift; sourceTree = "<group>"; };
		2BC513902634468A0067FDD3 /* TwitterSearchInfrastructure.framework */ = {isa = PBXFileReference; explicitFileType = wrapper.framework; includeInIndex = 0; path = TwitterSearchInfrastructure.framework; sourceTree = BUILT_PRODUCTS_DIR; };
		2BC513932634468A0067FDD3 /* Info.plist */ = {isa = PBXFileReference; lastKnownFileType = text.plist.xml; path = Info.plist; sourceTree = "<group>"; };
		2BC513982634468A0067FDD3 /* TwitterSearchInfrastructureTests.xctest */ = {isa = PBXFileReference; explicitFileType = wrapper.cfbundle; includeInIndex = 0; path = TwitterSearchInfrastructureTests.xctest; sourceTree = BUILT_PRODUCTS_DIR; };
		2BC5139F2634468A0067FDD3 /* Info.plist */ = {isa = PBXFileReference; lastKnownFileType = text.plist.xml; path = Info.plist; sourceTree = "<group>"; };
		2BC513B0263448260067FDD3 /* GoogleAnalyzeInfrastructure.framework */ = {isa = PBXFileReference; explicitFileType = wrapper.framework; includeInIndex = 0; path = GoogleAnalyzeInfrastructure.framework; sourceTree = BUILT_PRODUCTS_DIR; };
		2BC513B3263448260067FDD3 /* Info.plist */ = {isa = PBXFileReference; lastKnownFileType = text.plist.xml; path = Info.plist; sourceTree = "<group>"; };
		2BC513B8263448270067FDD3 /* GoogleAnalyzeInfrastructureTests.xctest */ = {isa = PBXFileReference; explicitFileType = wrapper.cfbundle; includeInIndex = 0; path = GoogleAnalyzeInfrastructureTests.xctest; sourceTree = BUILT_PRODUCTS_DIR; };
		2BC513BF263448270067FDD3 /* Info.plist */ = {isa = PBXFileReference; lastKnownFileType = text.plist.xml; path = Info.plist; sourceTree = "<group>"; };
		2BC513CD263449870067FDD3 /* NaturalLanguageAPI.swift */ = {isa = PBXFileReference; lastKnownFileType = sourcecode.swift; path = NaturalLanguageAPI.swift; sourceTree = "<group>"; };
		2BC513D5263449AB0067FDD3 /* NaturalLanguageAPITests.swift */ = {isa = PBXFileReference; lastKnownFileType = sourcecode.swift; path = NaturalLanguageAPITests.swift; sourceTree = "<group>"; };
		2BC5140E26345DD30067FDD3 /* AnalyzeSentimentRequest.swift */ = {isa = PBXFileReference; lastKnownFileType = sourcecode.swift; path = AnalyzeSentimentRequest.swift; sourceTree = "<group>"; };
		2BC5141C263463750067FDD3 /* NaturalLanguageAnalyzeLoader.swift */ = {isa = PBXFileReference; lastKnownFileType = sourcecode.swift; path = NaturalLanguageAnalyzeLoader.swift; sourceTree = "<group>"; };
		2BC51424263463860067FDD3 /* NaturalLanguageAnalyzeLoaderTests.swift */ = {isa = PBXFileReference; lastKnownFileType = sourcecode.swift; path = NaturalLanguageAnalyzeLoaderTests.swift; sourceTree = "<group>"; };
		2BC5145B2634686C0067FDD3 /* libSentimentifyTestExtensions.a */ = {isa = PBXFileReference; explicitFileType = archive.ar; includeInIndex = 0; path = libSentimentifyTestExtensions.a; sourceTree = BUILT_PRODUCTS_DIR; };
		2BC5147B263468F80067FDD3 /* XCTest.framework */ = {isa = PBXFileReference; lastKnownFileType = wrapper.framework; name = XCTest.framework; path = Platforms/MacOSX.platform/Developer/Library/Frameworks/XCTest.framework; sourceTree = DEVELOPER_DIR; };
		2BC51484263469250067FDD3 /* XCTest+Extensions.swift */ = {isa = PBXFileReference; lastKnownFileType = sourcecode.swift; path = "XCTest+Extensions.swift"; sourceTree = "<group>"; };
		2BC514942634694C0067FDD3 /* Error+Extensions.swift */ = {isa = PBXFileReference; lastKnownFileType = sourcecode.swift; path = "Error+Extensions.swift"; sourceTree = "<group>"; };
		2BC5155226346D580067FDD3 /* AnalyzeSentimentResponse.swift */ = {isa = PBXFileReference; lastKnownFileType = sourcecode.swift; path = AnalyzeSentimentResponse.swift; sourceTree = "<group>"; };
		2BC5155B26346DA70067FDD3 /* AnalyzeSentimentResponseTests.swift */ = {isa = PBXFileReference; lastKnownFileType = sourcecode.swift; path = AnalyzeSentimentResponseTests.swift; sourceTree = "<group>"; };
		2BC5156426346F490067FDD3 /* SharedHelpers.swift */ = {isa = PBXFileReference; lastKnownFileType = sourcecode.swift; path = SharedHelpers.swift; sourceTree = "<group>"; };
		2BC5156D26346F620067FDD3 /* HTTPURLResponse+Extensions.swift */ = {isa = PBXFileReference; lastKnownFileType = sourcecode.swift; path = "HTTPURLResponse+Extensions.swift"; sourceTree = "<group>"; };
		2BC515BD26347D680067FDD3 /* AnalyzeSentimentRequestTests.swift */ = {isa = PBXFileReference; lastKnownFileType = sourcecode.swift; path = AnalyzeSentimentRequestTests.swift; sourceTree = "<group>"; };
		2BC515DB2634807B0067FDD3 /* NaturalLanguageAnalyzeClassifierTests.swift */ = {isa = PBXFileReference; lastKnownFileType = sourcecode.swift; path = NaturalLanguageAnalyzeClassifierTests.swift; sourceTree = "<group>"; };
		2BC515E4263480BB0067FDD3 /* NaturalLanguageAnalyzeClassifier.swift */ = {isa = PBXFileReference; lastKnownFileType = sourcecode.swift; path = NaturalLanguageAnalyzeClassifier.swift; sourceTree = "<group>"; };
		2BC516162634DFFE0067FDD3 /* NaturalLanguageAuthenticatedHTTPClientDecorator.swift */ = {isa = PBXFileReference; lastKnownFileType = sourcecode.swift; path = NaturalLanguageAuthenticatedHTTPClientDecorator.swift; sourceTree = "<group>"; };
		2BC516222634E00E0067FDD3 /* NaturalLanguageAuthenticatedHTTPClientDecoratorTests.swift */ = {isa = PBXFileReference; lastKnownFileType = sourcecode.swift; path = NaturalLanguageAuthenticatedHTTPClientDecoratorTests.swift; sourceTree = "<group>"; };
		2BC516412634F6A30067FDD3 /* TwitterAPI.swift */ = {isa = PBXFileReference; lastKnownFileType = sourcecode.swift; path = TwitterAPI.swift; sourceTree = "<group>"; };
		2BC5164A2634F6CB0067FDD3 /* TwitterAPITests.swift */ = {isa = PBXFileReference; lastKnownFileType = sourcecode.swift; path = TwitterAPITests.swift; sourceTree = "<group>"; };
		2BC516532634FC920067FDD3 /* TwitterCredential.swift */ = {isa = PBXFileReference; lastKnownFileType = sourcecode.swift; path = TwitterCredential.swift; sourceTree = "<group>"; };
		2BC5165C2634FCAA0067FDD3 /* NaturalLanguageCredential.swift */ = {isa = PBXFileReference; lastKnownFileType = sourcecode.swift; path = NaturalLanguageCredential.swift; sourceTree = "<group>"; };
		2BC51665263500B60067FDD3 /* TwitterAuthenticatedHTTPClientDecorator.swift */ = {isa = PBXFileReference; lastKnownFileType = sourcecode.swift; path = TwitterAuthenticatedHTTPClientDecorator.swift; sourceTree = "<group>"; };
		2BC5166E263500CB0067FDD3 /* TwitterAuthenticatedHTTPClientDecoratorTests.swift */ = {isa = PBXFileReference; lastKnownFileType = sourcecode.swift; path = TwitterAuthenticatedHTTPClientDecoratorTests.swift; sourceTree = "<group>"; };
		2BC5168C263507540067FDD3 /* TwitterAuthenticationResponse.swift */ = {isa = PBXFileReference; lastKnownFileType = sourcecode.swift; path = TwitterAuthenticationResponse.swift; sourceTree = "<group>"; };
		2BC5169526350D430067FDD3 /* URLRequest+Extensions.swift */ = {isa = PBXFileReference; lastKnownFileType = sourcecode.swift; path = "URLRequest+Extensions.swift"; sourceTree = "<group>"; };
		2BC5169E26350E620067FDD3 /* TwitterAccessToken.swift */ = {isa = PBXFileReference; lastKnownFileType = sourcecode.swift; path = TwitterAccessToken.swift; sourceTree = "<group>"; };
		2BC516A72635105B0067FDD3 /* TwitterSearchLoader.swift */ = {isa = PBXFileReference; lastKnownFileType = sourcecode.swift; path = TwitterSearchLoader.swift; sourceTree = "<group>"; };
		2BC516C0263511010067FDD3 /* TwitterSearchLoaderTests.swift */ = {isa = PBXFileReference; lastKnownFileType = sourcecode.swift; path = TwitterSearchLoaderTests.swift; sourceTree = "<group>"; };
		2BC516C9263511E80067FDD3 /* TwitterSearchResponse.swift */ = {isa = PBXFileReference; lastKnownFileType = sourcecode.swift; path = TwitterSearchResponse.swift; sourceTree = "<group>"; };
		2BC516D2263512440067FDD3 /* TwitterSearchResponseTests.swift */ = {isa = PBXFileReference; lastKnownFileType = sourcecode.swift; path = TwitterSearchResponseTests.swift; sourceTree = "<group>"; };
		2BC516DB2635125A0067FDD3 /* TwitterAuthenticationResponseTests.swift */ = {isa = PBXFileReference; lastKnownFileType = sourcecode.swift; path = TwitterAuthenticationResponseTests.swift; sourceTree = "<group>"; };
		2BC516E4263517CC0067FDD3 /* DateFormatter+Extensions.swift */ = {isa = PBXFileReference; lastKnownFileType = sourcecode.swift; path = "DateFormatter+Extensions.swift"; sourceTree = "<group>"; };
/* End PBXFileReference section */

/* Begin PBXFrameworksBuildPhase section */
		2B467DAC2630B13D003849CB /* Frameworks */ = {
			isa = PBXFrameworksBuildPhase;
			buildActionMask = 2147483647;
			files = (
			);
			runOnlyForDeploymentPostprocessing = 0;
		};
		2B467DB52630B13D003849CB /* Frameworks */ = {
			isa = PBXFrameworksBuildPhase;
			buildActionMask = 2147483647;
			files = (
				2BC514D826346A6B0067FDD3 /* libSentimentifyTestExtensions.a in Frameworks */,
				2B467DB92630B13D003849CB /* SentimentifyEngine.framework in Frameworks */,
			);
			runOnlyForDeploymentPostprocessing = 0;
		};
		2B51B11E26359C7100C0695F /* Frameworks */ = {
			isa = PBXFrameworksBuildPhase;
			buildActionMask = 2147483647;
			files = (
				2B07B68C2636095800F68276 /* Kingfisher in Frameworks */,
				2B51B15F26359CC600C0695F /* SentimentifyEngine.framework in Frameworks */,
			);
			runOnlyForDeploymentPostprocessing = 0;
		};
		2B51B12626359C7100C0695F /* Frameworks */ = {
			isa = PBXFrameworksBuildPhase;
			buildActionMask = 2147483647;
			files = (
				2B51B16626359CDF00C0695F /* libSentimentifyTestExtensions.a in Frameworks */,
				2B51B12A26359C7100C0695F /* SentimentifyiOS.framework in Frameworks */,
			);
			runOnlyForDeploymentPostprocessing = 0;
		};
		2BC5138D2634468A0067FDD3 /* Frameworks */ = {
			isa = PBXFrameworksBuildPhase;
			buildActionMask = 2147483647;
			files = (
				2BC513F5263453CE0067FDD3 /* SentimentifyEngine.framework in Frameworks */,
			);
			runOnlyForDeploymentPostprocessing = 0;
		};
		2BC513952634468A0067FDD3 /* Frameworks */ = {
			isa = PBXFrameworksBuildPhase;
			buildActionMask = 2147483647;
			files = (
				2BC5154A26346C730067FDD3 /* libSentimentifyTestExtensions.a in Frameworks */,
				2BC513992634468A0067FDD3 /* TwitterSearchInfrastructure.framework in Frameworks */,
			);
			runOnlyForDeploymentPostprocessing = 0;
		};
		2BC513AD263448260067FDD3 /* Frameworks */ = {
			isa = PBXFrameworksBuildPhase;
			buildActionMask = 2147483647;
			files = (
				2BC513EA263453C60067FDD3 /* SentimentifyEngine.framework in Frameworks */,
			);
			runOnlyForDeploymentPostprocessing = 0;
		};
		2BC513B5263448270067FDD3 /* Frameworks */ = {
			isa = PBXFrameworksBuildPhase;
			buildActionMask = 2147483647;
			files = (
				2BC5154026346C4D0067FDD3 /* libSentimentifyTestExtensions.a in Frameworks */,
				2BC513B9263448270067FDD3 /* GoogleAnalyzeInfrastructure.framework in Frameworks */,
			);
			runOnlyForDeploymentPostprocessing = 0;
		};
		2BC514592634686C0067FDD3 /* Frameworks */ = {
			isa = PBXFrameworksBuildPhase;
			buildActionMask = 2147483647;
			files = (
				2BC5147C263468F80067FDD3 /* XCTest.framework in Frameworks */,
			);
			runOnlyForDeploymentPostprocessing = 0;
		};
/* End PBXFrameworksBuildPhase section */

/* Begin PBXGroup section */
		2B07B5C62635B89D00F68276 /* Views */ = {
			isa = PBXGroup;
			children = (
				2B07B69626360A9700F68276 /* SearchResultCell.xib */,
				2B07B5E62635D1E600F68276 /* SearchResultCell.swift */,
				2B07B5F02635D1F000F68276 /* NextResultsCell.swift */,
			);
			path = Views;
			sourceTree = "<group>";
		};
		2B07B5E52635BC3000F68276 /* Controllers */ = {
			isa = PBXGroup;
			children = (
				2B51B17826359D5F00C0695F /* SearchViewController.swift */,
				2B07B5C72635BA7D00F68276 /* SearchResultCellController.swift */,
				2B07B5DB2635BC0000F68276 /* NextResultsCellController.swift */,
			);
			path = Controllers;
			sourceTree = "<group>";
		};
		2B07B6022635D42800F68276 /* Shared UI */ = {
			isa = PBXGroup;
			children = (
				2B51B1C92635A70800C0695F /* ErrorViewControllerTests.swift */,
				2B07B5A02635B20B00F68276 /* LoadingViewControllerTests.swift */,
			);
			path = "Shared UI";
			sourceTree = "<group>";
		};
		2B07B6FC26364F9400F68276 /* Analyze UI */ = {
			isa = PBXGroup;
			children = (
				2B07B6FD26364FA900F68276 /* AnalyzeViewController.swift */,
				2B07B7112636513800F68276 /* AnalyzeResultViewController.swift */,
			);
			path = "Analyze UI";
			sourceTree = "<group>";
		};
		2B07B74B2636F90300F68276 /* Analyze UI */ = {
			isa = PBXGroup;
			children = (
				2B07B74C2636F91C00F68276 /* AnalyzeViewControllerTests.swift */,
			);
			path = "Analyze UI";
			sourceTree = "<group>";
		};
		2B467DA52630B13D003849CB = {
			isa = PBXGroup;
			children = (
				2B467DB12630B13D003849CB /* SentimentifyEngine */,
				2B467DBC2630B13D003849CB /* SentimentifyEngineTests */,
				2BC5145C2634686C0067FDD3 /* SentimentifyTestExtensions */,
				2BC513912634468A0067FDD3 /* TwitterSearchInfrastructure */,
				2BC5139C2634468A0067FDD3 /* TwitterSearchInfrastructureTests */,
				2BC513B1263448260067FDD3 /* GoogleAnalyzeInfrastructure */,
				2BC513BC263448270067FDD3 /* GoogleAnalyzeInfrastructureTests */,
				2B51B12226359C7100C0695F /* SentimentifyiOS */,
				2B51B12D26359C7100C0695F /* SentimentifyiOSTests */,
				2B467DB02630B13D003849CB /* Products */,
				2BC513E9263453C60067FDD3 /* Frameworks */,
			);
			sourceTree = "<group>";
		};
		2B467DB02630B13D003849CB /* Products */ = {
			isa = PBXGroup;
			children = (
				2B467DAF2630B13D003849CB /* SentimentifyEngine.framework */,
				2B467DB82630B13D003849CB /* SentimentifyEngineTests.xctest */,
				2BC513902634468A0067FDD3 /* TwitterSearchInfrastructure.framework */,
				2BC513982634468A0067FDD3 /* TwitterSearchInfrastructureTests.xctest */,
				2BC513B0263448260067FDD3 /* GoogleAnalyzeInfrastructure.framework */,
				2BC513B8263448270067FDD3 /* GoogleAnalyzeInfrastructureTests.xctest */,
				2BC5145B2634686C0067FDD3 /* libSentimentifyTestExtensions.a */,
				2B51B12126359C7100C0695F /* SentimentifyiOS.framework */,
				2B51B12926359C7100C0695F /* SentimentifyiOSTests.xctest */,
			);
			name = Products;
			sourceTree = "<group>";
		};
		2B467DB12630B13D003849CB /* SentimentifyEngine */ = {
			isa = PBXGroup;
			children = (
				2B467DB32630B13D003849CB /* Info.plist */,
				2B6BF43E2631A29C006A05FE /* Foundation */,
				2BC512E526325B160067FDD3 /* Infrastructure */,
				2BC5136326335D6A0067FDD3 /* Shared Presentation */,
				2B6BF40A2630FBA3006A05FE /* Search Domain */,
				2BC5135126334FFF0067FDD3 /* Search Presentation */,
				2BC51328263323A90067FDD3 /* Analyze Domain */,
				2BC5137E26335F280067FDD3 /* Analyze Presentation */,
			);
			path = SentimentifyEngine;
			sourceTree = "<group>";
		};
		2B467DBC2630B13D003849CB /* SentimentifyEngineTests */ = {
			isa = PBXGroup;
			children = (
				2B467DBF2630B13D003849CB /* Info.plist */,
				2BC512EA26325B2E0067FDD3 /* Infrastructure */,
				2BC513102633131E0067FDD3 /* Search Domain */,
				2BC513522633501B0067FDD3 /* Search Presentation */,
				2BC51329263323BA0067FDD3 /* Analyze Domain */,
				2BC5137D26335F1F0067FDD3 /* Analyze Presentation */,
			);
			path = SentimentifyEngineTests;
			sourceTree = "<group>";
		};
		2B51B12226359C7100C0695F /* SentimentifyiOS */ = {
			isa = PBXGroup;
			children = (
				2B51B12426359C7100C0695F /* Info.plist */,
				2B51B1C72635A67700C0695F /* Extensions */,
				2B51B1C82635A68600C0695F /* Shared UI */,
				2B51B16F26359D4800C0695F /* Search UI */,
				2B07B6FC26364F9400F68276 /* Analyze UI */,
			);
			path = SentimentifyiOS;
			sourceTree = "<group>";
		};
		2B51B12D26359C7100C0695F /* SentimentifyiOSTests */ = {
			isa = PBXGroup;
			children = (
				2B51B13026359C7100C0695F /* Info.plist */,
				2B07B6022635D42800F68276 /* Shared UI */,
				2B51B18226359DC800C0695F /* Search UI */,
				2B07B74B2636F90300F68276 /* Analyze UI */,
			);
			path = SentimentifyiOSTests;
			sourceTree = "<group>";
		};
		2B51B16F26359D4800C0695F /* Search UI */ = {
			isa = PBXGroup;
			children = (
				2B07B5E52635BC3000F68276 /* Controllers */,
				2B07B5C62635B89D00F68276 /* Views */,
			);
			path = "Search UI";
			sourceTree = "<group>";
		};
		2B51B18226359DC800C0695F /* Search UI */ = {
			isa = PBXGroup;
			children = (
				2B51B18B26359DDE00C0695F /* SearchViewControllerTests.swift */,
			);
			path = "Search UI";
			sourceTree = "<group>";
		};
		2B51B1C72635A67700C0695F /* Extensions */ = {
			isa = PBXGroup;
			children = (
				2B51B1A92635A38F00C0695F /* UIRefreshControl+Extensions.swift */,
				2B51B1BD2635A66700C0695F /* UIViewController+Extensions.swift */,
				2B07B5D12635BB6500F68276 /* UITableView+Extensions.swift */,
				2B07B71C2636521400F68276 /* FloatingPoint+Extensions.swift */,
			);
			path = Extensions;
			sourceTree = "<group>";
		};
		2B51B1C82635A68600C0695F /* Shared UI */ = {
			isa = PBXGroup;
			children = (
				2B51B1B32635A5E700C0695F /* ErrorViewController.swift */,
				2B07B5962635B01600F68276 /* LoadingViewController.swift */,
				2B07B5AA2635B4F700F68276 /* SectionController.swift */,
				2B07B5BC2635B7DB00F68276 /* DiffableTableViewController.swift */,
				2B07B6AA26360FAB00F68276 /* EmptyViewController.swift */,
			);
			path = "Shared UI";
			sourceTree = "<group>";
		};
		2B6BF40A2630FBA3006A05FE /* Search Domain */ = {
			isa = PBXGroup;
			children = (
				2BC513172633139B0067FDD3 /* SearchUseCase.swift */,
				2B6BF40B2630FBC5006A05FE /* SearchLoader.swift */,
				2B6BF4342631A1BF006A05FE /* SearchInput.swift */,
				2B6BF40F2630FBDE006A05FE /* SearchResult.swift */,
			);
			path = "Search Domain";
			sourceTree = "<group>";
		};
		2B6BF43E2631A29C006A05FE /* Foundation */ = {
			isa = PBXGroup;
			children = (
				2B6BF43F2631A2B2006A05FE /* HTTPClient.swift */,
			);
			path = Foundation;
			sourceTree = "<group>";
		};
		2BC512E526325B160067FDD3 /* Infrastructure */ = {
			isa = PBXGroup;
			children = (
				2BC512E626325B270067FDD3 /* URLSessionHTTPClient.swift */,
			);
			path = Infrastructure;
			sourceTree = "<group>";
		};
		2BC512EA26325B2E0067FDD3 /* Infrastructure */ = {
			isa = PBXGroup;
			children = (
				2BC512EB26325B450067FDD3 /* URLSessionHTTPClientTests.swift */,
			);
			path = Infrastructure;
			sourceTree = "<group>";
		};
		2BC513102633131E0067FDD3 /* Search Domain */ = {
			isa = PBXGroup;
			children = (
				2BC513112633133B0067FDD3 /* SearchUseCaseTests.swift */,
			);
			path = "Search Domain";
			sourceTree = "<group>";
		};
		2BC51328263323A90067FDD3 /* Analyze Domain */ = {
			isa = PBXGroup;
			children = (
				2BC5133626333FEF0067FDD3 /* AnalyzeUseCase.swift */,
				2BC5133A263340050067FDD3 /* AnalyzeLoader.swift */,
				2BC5134626334DD60067FDD3 /* AnalyzeClassifier.swift */,
				2BC5133E263340180067FDD3 /* AnalyzeInput.swift */,
				2BC5134A26334DE80067FDD3 /* AnalyzeScore.swift */,
				2BC51342263340260067FDD3 /* AnalyzeResult.swift */,
			);
			path = "Analyze Domain";
			sourceTree = "<group>";
		};
		2BC51329263323BA0067FDD3 /* Analyze Domain */ = {
			isa = PBXGroup;
			children = (
				2BC51332263324150067FDD3 /* AnalyzeUseCaseTests.swift */,
			);
			path = "Analyze Domain";
			sourceTree = "<group>";
		};
		2BC5135126334FFF0067FDD3 /* Search Presentation */ = {
			isa = PBXGroup;
			children = (
				2BC513592633503E0067FDD3 /* SearchPresenter.swift */,
				2BC5137626335DD90067FDD3 /* SearchViewModel.swift */,
			);
			path = "Search Presentation";
			sourceTree = "<group>";
		};
		2BC513522633501B0067FDD3 /* Search Presentation */ = {
			isa = PBXGroup;
			children = (
				2BC5135F263350540067FDD3 /* SearchPresenterTests.swift */,
			);
			path = "Search Presentation";
			sourceTree = "<group>";
		};
		2BC5136326335D6A0067FDD3 /* Shared Presentation */ = {
			isa = PBXGroup;
			children = (
				2BC5136426335D820067FDD3 /* LoadingView.swift */,
				2BC5136E26335D930067FDD3 /* LoadingViewModel.swift */,
				2BC5136A26335D8A0067FDD3 /* ErrorView.swift */,
				2BC5137226335D9F0067FDD3 /* ErrorViewModel.swift */,
			);
			path = "Shared Presentation";
			sourceTree = "<group>";
		};
		2BC5137D26335F1F0067FDD3 /* Analyze Presentation */ = {
			isa = PBXGroup;
			children = (
				2BC5137F26335F490067FDD3 /* AnalyzePresenterTests.swift */,
			);
			path = "Analyze Presentation";
			sourceTree = "<group>";
		};
		2BC5137E26335F280067FDD3 /* Analyze Presentation */ = {
			isa = PBXGroup;
			children = (
				2BC5138526335F580067FDD3 /* AnalyzePresenter.swift */,
			);
			path = "Analyze Presentation";
			sourceTree = "<group>";
		};
		2BC513912634468A0067FDD3 /* TwitterSearchInfrastructure */ = {
			isa = PBXGroup;
			children = (
				2BC513932634468A0067FDD3 /* Info.plist */,
				2BC516412634F6A30067FDD3 /* TwitterAPI.swift */,
				2BC516532634FC920067FDD3 /* TwitterCredential.swift */,
				2BC51665263500B60067FDD3 /* TwitterAuthenticatedHTTPClientDecorator.swift */,
				2BC5168C263507540067FDD3 /* TwitterAuthenticationResponse.swift */,
				2BC5169526350D430067FDD3 /* URLRequest+Extensions.swift */,
				2BC5169E26350E620067FDD3 /* TwitterAccessToken.swift */,
				2BC516A72635105B0067FDD3 /* TwitterSearchLoader.swift */,
				2BC516C9263511E80067FDD3 /* TwitterSearchResponse.swift */,
				2BC516E4263517CC0067FDD3 /* DateFormatter+Extensions.swift */,
			);
			path = TwitterSearchInfrastructure;
			sourceTree = "<group>";
		};
		2BC5139C2634468A0067FDD3 /* TwitterSearchInfrastructureTests */ = {
			isa = PBXGroup;
			children = (
				2BC5139F2634468A0067FDD3 /* Info.plist */,
				2BC5164A2634F6CB0067FDD3 /* TwitterAPITests.swift */,
				2BC5166E263500CB0067FDD3 /* TwitterAuthenticatedHTTPClientDecoratorTests.swift */,
				2BC516C0263511010067FDD3 /* TwitterSearchLoaderTests.swift */,
				2BC516D2263512440067FDD3 /* TwitterSearchResponseTests.swift */,
				2BC516DB2635125A0067FDD3 /* TwitterAuthenticationResponseTests.swift */,
			);
			path = TwitterSearchInfrastructureTests;
			sourceTree = "<group>";
		};
		2BC513B1263448260067FDD3 /* GoogleAnalyzeInfrastructure */ = {
			isa = PBXGroup;
			children = (
				2BC513B3263448260067FDD3 /* Info.plist */,
				2BC5140C26345D8B0067FDD3 /* Natural Language */,
			);
			path = GoogleAnalyzeInfrastructure;
			sourceTree = "<group>";
		};
		2BC513BC263448270067FDD3 /* GoogleAnalyzeInfrastructureTests */ = {
			isa = PBXGroup;
			children = (
				2BC513BF263448270067FDD3 /* Info.plist */,
				2BC5140D26345DA40067FDD3 /* Natural Language */,
			);
			path = GoogleAnalyzeInfrastructureTests;
			sourceTree = "<group>";
		};
		2BC513E9263453C60067FDD3 /* Frameworks */ = {
			isa = PBXGroup;
			children = (
				2BC5147B263468F80067FDD3 /* XCTest.framework */,
			);
			name = Frameworks;
			sourceTree = "<group>";
		};
		2BC5140C26345D8B0067FDD3 /* Natural Language */ = {
			isa = PBXGroup;
			children = (
				2BC5141C263463750067FDD3 /* NaturalLanguageAnalyzeLoader.swift */,
				2BC515E4263480BB0067FDD3 /* NaturalLanguageAnalyzeClassifier.swift */,
				2BC513CD263449870067FDD3 /* NaturalLanguageAPI.swift */,
				2BC5140E26345DD30067FDD3 /* AnalyzeSentimentRequest.swift */,
				2BC5155226346D580067FDD3 /* AnalyzeSentimentResponse.swift */,
				2BC516162634DFFE0067FDD3 /* NaturalLanguageAuthenticatedHTTPClientDecorator.swift */,
				2BC5165C2634FCAA0067FDD3 /* NaturalLanguageCredential.swift */,
			);
			path = "Natural Language";
			sourceTree = "<group>";
		};
		2BC5140D26345DA40067FDD3 /* Natural Language */ = {
			isa = PBXGroup;
			children = (
				2BC51424263463860067FDD3 /* NaturalLanguageAnalyzeLoaderTests.swift */,
				2BC515DB2634807B0067FDD3 /* NaturalLanguageAnalyzeClassifierTests.swift */,
				2BC513D5263449AB0067FDD3 /* NaturalLanguageAPITests.swift */,
				2BC515BD26347D680067FDD3 /* AnalyzeSentimentRequestTests.swift */,
				2BC5155B26346DA70067FDD3 /* AnalyzeSentimentResponseTests.swift */,
				2BC516222634E00E0067FDD3 /* NaturalLanguageAuthenticatedHTTPClientDecoratorTests.swift */,
			);
			path = "Natural Language";
			sourceTree = "<group>";
		};
		2BC5145C2634686C0067FDD3 /* SentimentifyTestExtensions */ = {
			isa = PBXGroup;
			children = (
				2B6BF45D2631A679006A05FE /* HTTPClient+Extensions.swift */,
				2BC51484263469250067FDD3 /* XCTest+Extensions.swift */,
				2BC514942634694C0067FDD3 /* Error+Extensions.swift */,
				2BC5156426346F490067FDD3 /* SharedHelpers.swift */,
				2BC5156D26346F620067FDD3 /* HTTPURLResponse+Extensions.swift */,
				2B07B79D2637444700F68276 /* UITableView+Extensions.swift */,
				2B07B7BA2637446200F68276 /* UIControl+Extensions.swift */,
			);
			path = SentimentifyTestExtensions;
			sourceTree = "<group>";
		};
/* End PBXGroup section */

/* Begin PBXHeadersBuildPhase section */
		2B467DAA2630B13D003849CB /* Headers */ = {
			isa = PBXHeadersBuildPhase;
			buildActionMask = 2147483647;
			files = (
			);
			runOnlyForDeploymentPostprocessing = 0;
		};
		2B51B11C26359C7100C0695F /* Headers */ = {
			isa = PBXHeadersBuildPhase;
			buildActionMask = 2147483647;
			files = (
			);
			runOnlyForDeploymentPostprocessing = 0;
		};
		2BC5138B2634468A0067FDD3 /* Headers */ = {
			isa = PBXHeadersBuildPhase;
			buildActionMask = 2147483647;
			files = (
			);
			runOnlyForDeploymentPostprocessing = 0;
		};
		2BC513AB263448260067FDD3 /* Headers */ = {
			isa = PBXHeadersBuildPhase;
			buildActionMask = 2147483647;
			files = (
			);
			runOnlyForDeploymentPostprocessing = 0;
		};
		2BC514572634686C0067FDD3 /* Headers */ = {
			isa = PBXHeadersBuildPhase;
			buildActionMask = 2147483647;
			files = (
			);
			runOnlyForDeploymentPostprocessing = 0;
		};
/* End PBXHeadersBuildPhase section */

/* Begin PBXNativeTarget section */
		2B467DAE2630B13D003849CB /* SentimentifyEngine */ = {
			isa = PBXNativeTarget;
			buildConfigurationList = 2B467DC32630B13D003849CB /* Build configuration list for PBXNativeTarget "SentimentifyEngine" */;
			buildPhases = (
				2B467DAA2630B13D003849CB /* Headers */,
				2B467DAB2630B13D003849CB /* Sources */,
				2B467DAC2630B13D003849CB /* Frameworks */,
				2B467DAD2630B13D003849CB /* Resources */,
			);
			buildRules = (
			);
			dependencies = (
			);
			name = SentimentifyEngine;
			productName = SentimentifyEngine;
			productReference = 2B467DAF2630B13D003849CB /* SentimentifyEngine.framework */;
			productType = "com.apple.product-type.framework";
		};
		2B467DB72630B13D003849CB /* SentimentifyEngineTests */ = {
			isa = PBXNativeTarget;
			buildConfigurationList = 2B467DC62630B13D003849CB /* Build configuration list for PBXNativeTarget "SentimentifyEngineTests" */;
			buildPhases = (
				2B467DB42630B13D003849CB /* Sources */,
				2B467DB52630B13D003849CB /* Frameworks */,
				2B467DB62630B13D003849CB /* Resources */,
			);
			buildRules = (
			);
			dependencies = (
				2BC514D726346A670067FDD3 /* PBXTargetDependency */,
				2B467DBB2630B13D003849CB /* PBXTargetDependency */,
			);
			name = SentimentifyEngineTests;
			productName = SentimentifyEngineTests;
			productReference = 2B467DB82630B13D003849CB /* SentimentifyEngineTests.xctest */;
			productType = "com.apple.product-type.bundle.unit-test";
		};
		2B51B12026359C7100C0695F /* SentimentifyiOS */ = {
			isa = PBXNativeTarget;
			buildConfigurationList = 2B51B13226359C7100C0695F /* Build configuration list for PBXNativeTarget "SentimentifyiOS" */;
			buildPhases = (
				2B51B11C26359C7100C0695F /* Headers */,
				2B51B11D26359C7100C0695F /* Sources */,
				2B51B11E26359C7100C0695F /* Frameworks */,
				2B51B11F26359C7100C0695F /* Resources */,
			);
			buildRules = (
			);
			dependencies = (
				2B51B16226359CC600C0695F /* PBXTargetDependency */,
			);
			name = SentimentifyiOS;
			packageProductDependencies = (
				2B07B68B2636095800F68276 /* Kingfisher */,
			);
			productName = SentimentifyiOS;
			productReference = 2B51B12126359C7100C0695F /* SentimentifyiOS.framework */;
			productType = "com.apple.product-type.framework";
		};
		2B51B12826359C7100C0695F /* SentimentifyiOSTests */ = {
			isa = PBXNativeTarget;
			buildConfigurationList = 2B51B13526359C7100C0695F /* Build configuration list for PBXNativeTarget "SentimentifyiOSTests" */;
			buildPhases = (
				2B51B12526359C7100C0695F /* Sources */,
				2B51B12626359C7100C0695F /* Frameworks */,
				2B51B12726359C7100C0695F /* Resources */,
			);
			buildRules = (
			);
			dependencies = (
				2B51B16526359CD800C0695F /* PBXTargetDependency */,
				2B51B12C26359C7100C0695F /* PBXTargetDependency */,
			);
			name = SentimentifyiOSTests;
			productName = SentimentifyiOSTests;
			productReference = 2B51B12926359C7100C0695F /* SentimentifyiOSTests.xctest */;
			productType = "com.apple.product-type.bundle.unit-test";
		};
		2BC5138F2634468A0067FDD3 /* TwitterSearchInfrastructure */ = {
			isa = PBXNativeTarget;
			buildConfigurationList = 2BC513A12634468A0067FDD3 /* Build configuration list for PBXNativeTarget "TwitterSearchInfrastructure" */;
			buildPhases = (
				2BC5138B2634468A0067FDD3 /* Headers */,
				2BC5138C2634468A0067FDD3 /* Sources */,
				2BC5138D2634468A0067FDD3 /* Frameworks */,
				2BC5138E2634468A0067FDD3 /* Resources */,
			);
			buildRules = (
			);
			dependencies = (
				2BC513F8263453CE0067FDD3 /* PBXTargetDependency */,
			);
			name = TwitterSearchInfrastructure;
			productName = TwitterSearchInfrastructure;
			productReference = 2BC513902634468A0067FDD3 /* TwitterSearchInfrastructure.framework */;
			productType = "com.apple.product-type.framework";
		};
		2BC513972634468A0067FDD3 /* TwitterSearchInfrastructureTests */ = {
			isa = PBXNativeTarget;
			buildConfigurationList = 2BC513A42634468A0067FDD3 /* Build configuration list for PBXNativeTarget "TwitterSearchInfrastructureTests" */;
			buildPhases = (
				2BC513942634468A0067FDD3 /* Sources */,
				2BC513952634468A0067FDD3 /* Frameworks */,
				2BC513962634468A0067FDD3 /* Resources */,
			);
			buildRules = (
			);
			dependencies = (
				2BC5154926346C6F0067FDD3 /* PBXTargetDependency */,
				2BC5139B2634468A0067FDD3 /* PBXTargetDependency */,
			);
			name = TwitterSearchInfrastructureTests;
			productName = TwitterSearchInfrastructureTests;
			productReference = 2BC513982634468A0067FDD3 /* TwitterSearchInfrastructureTests.xctest */;
			productType = "com.apple.product-type.bundle.unit-test";
		};
		2BC513AF263448260067FDD3 /* GoogleAnalyzeInfrastructure */ = {
			isa = PBXNativeTarget;
			buildConfigurationList = 2BC513C1263448270067FDD3 /* Build configuration list for PBXNativeTarget "GoogleAnalyzeInfrastructure" */;
			buildPhases = (
				2BC513AB263448260067FDD3 /* Headers */,
				2BC513AC263448260067FDD3 /* Sources */,
				2BC513AD263448260067FDD3 /* Frameworks */,
				2BC513AE263448260067FDD3 /* Resources */,
			);
			buildRules = (
			);
			dependencies = (
				2BC513ED263453C60067FDD3 /* PBXTargetDependency */,
			);
			name = GoogleAnalyzeInfrastructure;
			productName = GoogleAnalyzeInfrastructure;
			productReference = 2BC513B0263448260067FDD3 /* GoogleAnalyzeInfrastructure.framework */;
			productType = "com.apple.product-type.framework";
		};
		2BC513B7263448270067FDD3 /* GoogleAnalyzeInfrastructureTests */ = {
			isa = PBXNativeTarget;
			buildConfigurationList = 2BC513C4263448270067FDD3 /* Build configuration list for PBXNativeTarget "GoogleAnalyzeInfrastructureTests" */;
			buildPhases = (
				2BC513B4263448270067FDD3 /* Sources */,
				2BC513B5263448270067FDD3 /* Frameworks */,
				2BC513B6263448270067FDD3 /* Resources */,
			);
			buildRules = (
			);
			dependencies = (
				2BC5153F26346C4A0067FDD3 /* PBXTargetDependency */,
				2BC513BB263448270067FDD3 /* PBXTargetDependency */,
			);
			name = GoogleAnalyzeInfrastructureTests;
			productName = GoogleAnalyzeInfrastructureTests;
			productReference = 2BC513B8263448270067FDD3 /* GoogleAnalyzeInfrastructureTests.xctest */;
			productType = "com.apple.product-type.bundle.unit-test";
		};
		2BC5145A2634686C0067FDD3 /* SentimentifyTestExtensions */ = {
			isa = PBXNativeTarget;
			buildConfigurationList = 2BC514612634686C0067FDD3 /* Build configuration list for PBXNativeTarget "SentimentifyTestExtensions" */;
			buildPhases = (
				2BC514572634686C0067FDD3 /* Headers */,
				2BC514582634686C0067FDD3 /* Sources */,
				2BC514592634686C0067FDD3 /* Frameworks */,
			);
			buildRules = (
			);
			dependencies = (
				2BC515FC2634874D0067FDD3 /* PBXTargetDependency */,
			);
			name = SentimentifyTestExtensions;
			productName = SentimentifyTestExtensions;
			productReference = 2BC5145B2634686C0067FDD3 /* libSentimentifyTestExtensions.a */;
			productType = "com.apple.product-type.library.static";
		};
/* End PBXNativeTarget section */

/* Begin PBXProject section */
		2B467DA62630B13D003849CB /* Project object */ = {
			isa = PBXProject;
			attributes = {
				LastSwiftUpdateCheck = 1240;
				LastUpgradeCheck = 1240;
				TargetAttributes = {
					2B467DAE2630B13D003849CB = {
						CreatedOnToolsVersion = 12.4;
						LastSwiftMigration = 1240;
					};
					2B467DB72630B13D003849CB = {
						CreatedOnToolsVersion = 12.4;
					};
					2B51B12026359C7100C0695F = {
						CreatedOnToolsVersion = 12.4;
						LastSwiftMigration = 1240;
					};
					2B51B12826359C7100C0695F = {
						CreatedOnToolsVersion = 12.4;
					};
					2BC5138F2634468A0067FDD3 = {
						CreatedOnToolsVersion = 12.4;
						LastSwiftMigration = 1240;
					};
					2BC513972634468A0067FDD3 = {
						CreatedOnToolsVersion = 12.4;
						LastSwiftMigration = 1240;
					};
					2BC513AF263448260067FDD3 = {
						CreatedOnToolsVersion = 12.4;
						LastSwiftMigration = 1240;
					};
					2BC513B7263448270067FDD3 = {
						CreatedOnToolsVersion = 12.4;
					};
					2BC5145A2634686C0067FDD3 = {
						CreatedOnToolsVersion = 12.4;
						LastSwiftMigration = 1240;
					};
				};
			};
			buildConfigurationList = 2B467DA92630B13D003849CB /* Build configuration list for PBXProject "SentimentifyEngine" */;
			compatibilityVersion = "Xcode 9.3";
			developmentRegion = en;
			hasScannedForEncodings = 0;
			knownRegions = (
				en,
				Base,
			);
			mainGroup = 2B467DA52630B13D003849CB;
			packageReferences = (
				2B07B68A2636095800F68276 /* XCRemoteSwiftPackageReference "Kingfisher" */,
			);
			productRefGroup = 2B467DB02630B13D003849CB /* Products */;
			projectDirPath = "";
			projectRoot = "";
			targets = (
				2B467DAE2630B13D003849CB /* SentimentifyEngine */,
				2B467DB72630B13D003849CB /* SentimentifyEngineTests */,
				2BC5145A2634686C0067FDD3 /* SentimentifyTestExtensions */,
				2BC5138F2634468A0067FDD3 /* TwitterSearchInfrastructure */,
				2BC513972634468A0067FDD3 /* TwitterSearchInfrastructureTests */,
				2BC513AF263448260067FDD3 /* GoogleAnalyzeInfrastructure */,
				2BC513B7263448270067FDD3 /* GoogleAnalyzeInfrastructureTests */,
				2B51B12026359C7100C0695F /* SentimentifyiOS */,
				2B51B12826359C7100C0695F /* SentimentifyiOSTests */,
			);
		};
/* End PBXProject section */

/* Begin PBXResourcesBuildPhase section */
		2B467DAD2630B13D003849CB /* Resources */ = {
			isa = PBXResourcesBuildPhase;
			buildActionMask = 2147483647;
			files = (
			);
			runOnlyForDeploymentPostprocessing = 0;
		};
		2B467DB62630B13D003849CB /* Resources */ = {
			isa = PBXResourcesBuildPhase;
			buildActionMask = 2147483647;
			files = (
			);
			runOnlyForDeploymentPostprocessing = 0;
		};
		2B51B11F26359C7100C0695F /* Resources */ = {
			isa = PBXResourcesBuildPhase;
			buildActionMask = 2147483647;
			files = (
				2B07B69726360A9700F68276 /* SearchResultCell.xib in Resources */,
			);
			runOnlyForDeploymentPostprocessing = 0;
		};
		2B51B12726359C7100C0695F /* Resources */ = {
			isa = PBXResourcesBuildPhase;
			buildActionMask = 2147483647;
			files = (
			);
			runOnlyForDeploymentPostprocessing = 0;
		};
		2BC5138E2634468A0067FDD3 /* Resources */ = {
			isa = PBXResourcesBuildPhase;
			buildActionMask = 2147483647;
			files = (
			);
			runOnlyForDeploymentPostprocessing = 0;
		};
		2BC513962634468A0067FDD3 /* Resources */ = {
			isa = PBXResourcesBuildPhase;
			buildActionMask = 2147483647;
			files = (
			);
			runOnlyForDeploymentPostprocessing = 0;
		};
		2BC513AE263448260067FDD3 /* Resources */ = {
			isa = PBXResourcesBuildPhase;
			buildActionMask = 2147483647;
			files = (
			);
			runOnlyForDeploymentPostprocessing = 0;
		};
		2BC513B6263448270067FDD3 /* Resources */ = {
			isa = PBXResourcesBuildPhase;
			buildActionMask = 2147483647;
			files = (
			);
			runOnlyForDeploymentPostprocessing = 0;
		};
/* End PBXResourcesBuildPhase section */

/* Begin PBXSourcesBuildPhase section */
		2B467DAB2630B13D003849CB /* Sources */ = {
			isa = PBXSourcesBuildPhase;
			buildActionMask = 2147483647;
			files = (
				2B6BF4102630FBDE006A05FE /* SearchResult.swift in Sources */,
				2BC5133B263340050067FDD3 /* AnalyzeLoader.swift in Sources */,
				2BC5133F263340180067FDD3 /* AnalyzeInput.swift in Sources */,
				2BC5138626335F580067FDD3 /* AnalyzePresenter.swift in Sources */,
				2B6BF40C2630FBC5006A05FE /* SearchLoader.swift in Sources */,
				2BC5133726333FEF0067FDD3 /* AnalyzeUseCase.swift in Sources */,
				2BC5136526335D820067FDD3 /* LoadingView.swift in Sources */,
				2BC5137726335DD90067FDD3 /* SearchViewModel.swift in Sources */,
				2BC5134B26334DE80067FDD3 /* AnalyzeScore.swift in Sources */,
				2B6BF4402631A2B2006A05FE /* HTTPClient.swift in Sources */,
				2B6BF4352631A1BF006A05FE /* SearchInput.swift in Sources */,
				2BC5137326335D9F0067FDD3 /* ErrorViewModel.swift in Sources */,
				2BC512E726325B270067FDD3 /* URLSessionHTTPClient.swift in Sources */,
				2BC5136B26335D8A0067FDD3 /* ErrorView.swift in Sources */,
				2BC5136F26335D930067FDD3 /* LoadingViewModel.swift in Sources */,
				2BC5135A2633503E0067FDD3 /* SearchPresenter.swift in Sources */,
				2BC513182633139B0067FDD3 /* SearchUseCase.swift in Sources */,
				2BC5134726334DD60067FDD3 /* AnalyzeClassifier.swift in Sources */,
				2BC51343263340260067FDD3 /* AnalyzeResult.swift in Sources */,
			);
			runOnlyForDeploymentPostprocessing = 0;
		};
		2B467DB42630B13D003849CB /* Sources */ = {
			isa = PBXSourcesBuildPhase;
			buildActionMask = 2147483647;
			files = (
				2BC513122633133B0067FDD3 /* SearchUseCaseTests.swift in Sources */,
				2BC512EC26325B450067FDD3 /* URLSessionHTTPClientTests.swift in Sources */,
				2BC51333263324150067FDD3 /* AnalyzeUseCaseTests.swift in Sources */,
				2BC51360263350540067FDD3 /* SearchPresenterTests.swift in Sources */,
				2BC5138026335F490067FDD3 /* AnalyzePresenterTests.swift in Sources */,
			);
			runOnlyForDeploymentPostprocessing = 0;
		};
		2B51B11D26359C7100C0695F /* Sources */ = {
			isa = PBXSourcesBuildPhase;
			buildActionMask = 2147483647;
			files = (
				2B07B5D22635BB6500F68276 /* UITableView+Extensions.swift in Sources */,
				2B07B5C82635BA7D00F68276 /* SearchResultCellController.swift in Sources */,
				2B07B71D2636521400F68276 /* FloatingPoint+Extensions.swift in Sources */,
				2B51B17926359D5F00C0695F /* SearchViewController.swift in Sources */,
				2B07B5BD2635B7DB00F68276 /* DiffableTableViewController.swift in Sources */,
				2B51B1B42635A5E700C0695F /* ErrorViewController.swift in Sources */,
				2B07B5DC2635BC0000F68276 /* NextResultsCellController.swift in Sources */,
				2B07B5972635B01600F68276 /* LoadingViewController.swift in Sources */,
				2B07B6FE26364FA900F68276 /* AnalyzeViewController.swift in Sources */,
				2B07B5AB2635B4F700F68276 /* SectionController.swift in Sources */,
				2B51B1BE2635A66700C0695F /* UIViewController+Extensions.swift in Sources */,
				2B07B5F12635D1F000F68276 /* NextResultsCell.swift in Sources */,
				2B07B5E72635D1E600F68276 /* SearchResultCell.swift in Sources */,
				2B07B6AB26360FAB00F68276 /* EmptyViewController.swift in Sources */,
				2B07B7122636513800F68276 /* AnalyzeResultViewController.swift in Sources */,
				2B51B1AA2635A38F00C0695F /* UIRefreshControl+Extensions.swift in Sources */,
			);
			runOnlyForDeploymentPostprocessing = 0;
		};
		2B51B12526359C7100C0695F /* Sources */ = {
			isa = PBXSourcesBuildPhase;
			buildActionMask = 2147483647;
			files = (
				2B07B74D2636F91C00F68276 /* AnalyzeViewControllerTests.swift in Sources */,
				2B51B18C26359DDE00C0695F /* SearchViewControllerTests.swift in Sources */,
				2B51B1CA2635A70800C0695F /* ErrorViewControllerTests.swift in Sources */,
				2B07B5A12635B20B00F68276 /* LoadingViewControllerTests.swift in Sources */,
			);
			runOnlyForDeploymentPostprocessing = 0;
		};
		2BC5138C2634468A0067FDD3 /* Sources */ = {
			isa = PBXSourcesBuildPhase;
			buildActionMask = 2147483647;
			files = (
				2BC5168D263507540067FDD3 /* TwitterAuthenticationResponse.swift in Sources */,
				2BC5169F26350E620067FDD3 /* TwitterAccessToken.swift in Sources */,
				2BC51666263500B60067FDD3 /* TwitterAuthenticatedHTTPClientDecorator.swift in Sources */,
				2BC516542634FC920067FDD3 /* TwitterCredential.swift in Sources */,
				2BC516A82635105B0067FDD3 /* TwitterSearchLoader.swift in Sources */,
				2BC5169626350D430067FDD3 /* URLRequest+Extensions.swift in Sources */,
				2BC516CA263511E80067FDD3 /* TwitterSearchResponse.swift in Sources */,
				2BC516422634F6A30067FDD3 /* TwitterAPI.swift in Sources */,
				2BC516E5263517CC0067FDD3 /* DateFormatter+Extensions.swift in Sources */,
			);
			runOnlyForDeploymentPostprocessing = 0;
		};
		2BC513942634468A0067FDD3 /* Sources */ = {
			isa = PBXSourcesBuildPhase;
			buildActionMask = 2147483647;
			files = (
				2BC516DC2635125A0067FDD3 /* TwitterAuthenticationResponseTests.swift in Sources */,
				2BC516D3263512440067FDD3 /* TwitterSearchResponseTests.swift in Sources */,
				2BC5166F263500CB0067FDD3 /* TwitterAuthenticatedHTTPClientDecoratorTests.swift in Sources */,
				2BC516C1263511010067FDD3 /* TwitterSearchLoaderTests.swift in Sources */,
				2BC5164B2634F6CB0067FDD3 /* TwitterAPITests.swift in Sources */,
			);
			runOnlyForDeploymentPostprocessing = 0;
		};
		2BC513AC263448260067FDD3 /* Sources */ = {
			isa = PBXSourcesBuildPhase;
			buildActionMask = 2147483647;
			files = (
				2BC5140F26345DD30067FDD3 /* AnalyzeSentimentRequest.swift in Sources */,
				2BC515E5263480BB0067FDD3 /* NaturalLanguageAnalyzeClassifier.swift in Sources */,
				2BC5141D263463750067FDD3 /* NaturalLanguageAnalyzeLoader.swift in Sources */,
				2BC513CE263449870067FDD3 /* NaturalLanguageAPI.swift in Sources */,
				2BC516172634DFFE0067FDD3 /* NaturalLanguageAuthenticatedHTTPClientDecorator.swift in Sources */,
				2BC5165D2634FCAA0067FDD3 /* NaturalLanguageCredential.swift in Sources */,
				2BC5155326346D580067FDD3 /* AnalyzeSentimentResponse.swift in Sources */,
			);
			runOnlyForDeploymentPostprocessing = 0;
		};
		2BC513B4263448270067FDD3 /* Sources */ = {
			isa = PBXSourcesBuildPhase;
			buildActionMask = 2147483647;
			files = (
				2BC515BE26347D680067FDD3 /* AnalyzeSentimentRequestTests.swift in Sources */,
				2BC513D6263449AB0067FDD3 /* NaturalLanguageAPITests.swift in Sources */,
				2BC515DC2634807B0067FDD3 /* NaturalLanguageAnalyzeClassifierTests.swift in Sources */,
				2BC51425263463860067FDD3 /* NaturalLanguageAnalyzeLoaderTests.swift in Sources */,
				2BC516232634E00E0067FDD3 /* NaturalLanguageAuthenticatedHTTPClientDecoratorTests.swift in Sources */,
				2BC5155C26346DA70067FDD3 /* AnalyzeSentimentResponseTests.swift in Sources */,
			);
			runOnlyForDeploymentPostprocessing = 0;
		};
		2BC514582634686C0067FDD3 /* Sources */ = {
			isa = PBXSourcesBuildPhase;
			buildActionMask = 2147483647;
			files = (
				2BC5156526346F490067FDD3 /* SharedHelpers.swift in Sources */,
				2BC5156E26346F620067FDD3 /* HTTPURLResponse+Extensions.swift in Sources */,
				2BC51485263469250067FDD3 /* XCTest+Extensions.swift in Sources */,
				2B07B79E2637444700F68276 /* UITableView+Extensions.swift in Sources */,
				2BC515A026346FDD0067FDD3 /* HTTPClient+Extensions.swift in Sources */,
				2B07B7BB2637446200F68276 /* UIControl+Extensions.swift in Sources */,
				2BC514952634694C0067FDD3 /* Error+Extensions.swift in Sources */,
			);
			runOnlyForDeploymentPostprocessing = 0;
		};
/* End PBXSourcesBuildPhase section */

/* Begin PBXTargetDependency section */
		2B467DBB2630B13D003849CB /* PBXTargetDependency */ = {
			isa = PBXTargetDependency;
			target = 2B467DAE2630B13D003849CB /* SentimentifyEngine */;
			targetProxy = 2B467DBA2630B13D003849CB /* PBXContainerItemProxy */;
		};
		2B51B12C26359C7100C0695F /* PBXTargetDependency */ = {
			isa = PBXTargetDependency;
			target = 2B51B12026359C7100C0695F /* SentimentifyiOS */;
			targetProxy = 2B51B12B26359C7100C0695F /* PBXContainerItemProxy */;
		};
		2B51B16226359CC600C0695F /* PBXTargetDependency */ = {
			isa = PBXTargetDependency;
			platformFilter = ios;
			target = 2B467DAE2630B13D003849CB /* SentimentifyEngine */;
			targetProxy = 2B51B16126359CC600C0695F /* PBXContainerItemProxy */;
		};
		2B51B16526359CD800C0695F /* PBXTargetDependency */ = {
			isa = PBXTargetDependency;
			target = 2BC5145A2634686C0067FDD3 /* SentimentifyTestExtensions */;
			targetProxy = 2B51B16426359CD800C0695F /* PBXContainerItemProxy */;
		};
		2BC5139B2634468A0067FDD3 /* PBXTargetDependency */ = {
			isa = PBXTargetDependency;
			target = 2BC5138F2634468A0067FDD3 /* TwitterSearchInfrastructure */;
			targetProxy = 2BC5139A2634468A0067FDD3 /* PBXContainerItemProxy */;
		};
		2BC513BB263448270067FDD3 /* PBXTargetDependency */ = {
			isa = PBXTargetDependency;
			target = 2BC513AF263448260067FDD3 /* GoogleAnalyzeInfrastructure */;
			targetProxy = 2BC513BA263448270067FDD3 /* PBXContainerItemProxy */;
		};
		2BC513ED263453C60067FDD3 /* PBXTargetDependency */ = {
			isa = PBXTargetDependency;
			target = 2B467DAE2630B13D003849CB /* SentimentifyEngine */;
			targetProxy = 2BC513EC263453C60067FDD3 /* PBXContainerItemProxy */;
		};
		2BC513F8263453CE0067FDD3 /* PBXTargetDependency */ = {
			isa = PBXTargetDependency;
			target = 2B467DAE2630B13D003849CB /* SentimentifyEngine */;
			targetProxy = 2BC513F7263453CE0067FDD3 /* PBXContainerItemProxy */;
		};
		2BC514D726346A670067FDD3 /* PBXTargetDependency */ = {
			isa = PBXTargetDependency;
			target = 2BC5145A2634686C0067FDD3 /* SentimentifyTestExtensions */;
			targetProxy = 2BC514D626346A670067FDD3 /* PBXContainerItemProxy */;
		};
		2BC5153F26346C4A0067FDD3 /* PBXTargetDependency */ = {
			isa = PBXTargetDependency;
			target = 2BC5145A2634686C0067FDD3 /* SentimentifyTestExtensions */;
			targetProxy = 2BC5153E26346C4A0067FDD3 /* PBXContainerItemProxy */;
		};
		2BC5154926346C6F0067FDD3 /* PBXTargetDependency */ = {
			isa = PBXTargetDependency;
			target = 2BC5145A2634686C0067FDD3 /* SentimentifyTestExtensions */;
			targetProxy = 2BC5154826346C6F0067FDD3 /* PBXContainerItemProxy */;
		};
		2BC515FC2634874D0067FDD3 /* PBXTargetDependency */ = {
			isa = PBXTargetDependency;
			target = 2B467DAE2630B13D003849CB /* SentimentifyEngine */;
			targetProxy = 2BC515FB2634874D0067FDD3 /* PBXContainerItemProxy */;
		};
/* End PBXTargetDependency section */

/* Begin XCBuildConfiguration section */
		2B467DC12630B13D003849CB /* Debug */ = {
			isa = XCBuildConfiguration;
			buildSettings = {
				ALWAYS_SEARCH_USER_PATHS = NO;
				CLANG_ANALYZER_NONNULL = YES;
				CLANG_ANALYZER_NUMBER_OBJECT_CONVERSION = YES_AGGRESSIVE;
				CLANG_CXX_LANGUAGE_STANDARD = "gnu++14";
				CLANG_CXX_LIBRARY = "libc++";
				CLANG_ENABLE_MODULES = YES;
				CLANG_ENABLE_OBJC_ARC = YES;
				CLANG_ENABLE_OBJC_WEAK = YES;
				CLANG_WARN_BLOCK_CAPTURE_AUTORELEASING = YES;
				CLANG_WARN_BOOL_CONVERSION = YES;
				CLANG_WARN_COMMA = YES;
				CLANG_WARN_CONSTANT_CONVERSION = YES;
				CLANG_WARN_DEPRECATED_OBJC_IMPLEMENTATIONS = YES;
				CLANG_WARN_DIRECT_OBJC_ISA_USAGE = YES_ERROR;
				CLANG_WARN_DOCUMENTATION_COMMENTS = YES;
				CLANG_WARN_EMPTY_BODY = YES;
				CLANG_WARN_ENUM_CONVERSION = YES;
				CLANG_WARN_INFINITE_RECURSION = YES;
				CLANG_WARN_INT_CONVERSION = YES;
				CLANG_WARN_NON_LITERAL_NULL_CONVERSION = YES;
				CLANG_WARN_OBJC_IMPLICIT_RETAIN_SELF = YES;
				CLANG_WARN_OBJC_LITERAL_CONVERSION = YES;
				CLANG_WARN_OBJC_ROOT_CLASS = YES_ERROR;
				CLANG_WARN_QUOTED_INCLUDE_IN_FRAMEWORK_HEADER = YES;
				CLANG_WARN_RANGE_LOOP_ANALYSIS = YES;
				CLANG_WARN_STRICT_PROTOTYPES = YES;
				CLANG_WARN_SUSPICIOUS_MOVE = YES;
				CLANG_WARN_UNGUARDED_AVAILABILITY = YES_AGGRESSIVE;
				CLANG_WARN_UNREACHABLE_CODE = YES;
				CLANG_WARN__DUPLICATE_METHOD_MATCH = YES;
				COPY_PHASE_STRIP = NO;
				CURRENT_PROJECT_VERSION = 1;
				DEBUG_INFORMATION_FORMAT = dwarf;
				ENABLE_STRICT_OBJC_MSGSEND = YES;
				ENABLE_TESTABILITY = YES;
				GCC_C_LANGUAGE_STANDARD = gnu11;
				GCC_DYNAMIC_NO_PIC = NO;
				GCC_NO_COMMON_BLOCKS = YES;
				GCC_OPTIMIZATION_LEVEL = 0;
				GCC_PREPROCESSOR_DEFINITIONS = (
					"DEBUG=1",
					"$(inherited)",
				);
				GCC_WARN_64_TO_32_BIT_CONVERSION = YES;
				GCC_WARN_ABOUT_RETURN_TYPE = YES_ERROR;
				GCC_WARN_UNDECLARED_SELECTOR = YES;
				GCC_WARN_UNINITIALIZED_AUTOS = YES_AGGRESSIVE;
				GCC_WARN_UNUSED_FUNCTION = YES;
				GCC_WARN_UNUSED_VARIABLE = YES;
				MACOSX_DEPLOYMENT_TARGET = 11.1;
				MTL_ENABLE_DEBUG_INFO = INCLUDE_SOURCE;
				MTL_FAST_MATH = YES;
				ONLY_ACTIVE_ARCH = YES;
				SDKROOT = macosx;
				SWIFT_ACTIVE_COMPILATION_CONDITIONS = DEBUG;
				SWIFT_OPTIMIZATION_LEVEL = "-Onone";
				VERSIONING_SYSTEM = "apple-generic";
				VERSION_INFO_PREFIX = "";
			};
			name = Debug;
		};
		2B467DC22630B13D003849CB /* Release */ = {
			isa = XCBuildConfiguration;
			buildSettings = {
				ALWAYS_SEARCH_USER_PATHS = NO;
				CLANG_ANALYZER_NONNULL = YES;
				CLANG_ANALYZER_NUMBER_OBJECT_CONVERSION = YES_AGGRESSIVE;
				CLANG_CXX_LANGUAGE_STANDARD = "gnu++14";
				CLANG_CXX_LIBRARY = "libc++";
				CLANG_ENABLE_MODULES = YES;
				CLANG_ENABLE_OBJC_ARC = YES;
				CLANG_ENABLE_OBJC_WEAK = YES;
				CLANG_WARN_BLOCK_CAPTURE_AUTORELEASING = YES;
				CLANG_WARN_BOOL_CONVERSION = YES;
				CLANG_WARN_COMMA = YES;
				CLANG_WARN_CONSTANT_CONVERSION = YES;
				CLANG_WARN_DEPRECATED_OBJC_IMPLEMENTATIONS = YES;
				CLANG_WARN_DIRECT_OBJC_ISA_USAGE = YES_ERROR;
				CLANG_WARN_DOCUMENTATION_COMMENTS = YES;
				CLANG_WARN_EMPTY_BODY = YES;
				CLANG_WARN_ENUM_CONVERSION = YES;
				CLANG_WARN_INFINITE_RECURSION = YES;
				CLANG_WARN_INT_CONVERSION = YES;
				CLANG_WARN_NON_LITERAL_NULL_CONVERSION = YES;
				CLANG_WARN_OBJC_IMPLICIT_RETAIN_SELF = YES;
				CLANG_WARN_OBJC_LITERAL_CONVERSION = YES;
				CLANG_WARN_OBJC_ROOT_CLASS = YES_ERROR;
				CLANG_WARN_QUOTED_INCLUDE_IN_FRAMEWORK_HEADER = YES;
				CLANG_WARN_RANGE_LOOP_ANALYSIS = YES;
				CLANG_WARN_STRICT_PROTOTYPES = YES;
				CLANG_WARN_SUSPICIOUS_MOVE = YES;
				CLANG_WARN_UNGUARDED_AVAILABILITY = YES_AGGRESSIVE;
				CLANG_WARN_UNREACHABLE_CODE = YES;
				CLANG_WARN__DUPLICATE_METHOD_MATCH = YES;
				COPY_PHASE_STRIP = NO;
				CURRENT_PROJECT_VERSION = 1;
				DEBUG_INFORMATION_FORMAT = "dwarf-with-dsym";
				ENABLE_NS_ASSERTIONS = NO;
				ENABLE_STRICT_OBJC_MSGSEND = YES;
				GCC_C_LANGUAGE_STANDARD = gnu11;
				GCC_NO_COMMON_BLOCKS = YES;
				GCC_WARN_64_TO_32_BIT_CONVERSION = YES;
				GCC_WARN_ABOUT_RETURN_TYPE = YES_ERROR;
				GCC_WARN_UNDECLARED_SELECTOR = YES;
				GCC_WARN_UNINITIALIZED_AUTOS = YES_AGGRESSIVE;
				GCC_WARN_UNUSED_FUNCTION = YES;
				GCC_WARN_UNUSED_VARIABLE = YES;
				MACOSX_DEPLOYMENT_TARGET = 11.1;
				MTL_ENABLE_DEBUG_INFO = NO;
				MTL_FAST_MATH = YES;
				SDKROOT = macosx;
				SWIFT_COMPILATION_MODE = wholemodule;
				SWIFT_OPTIMIZATION_LEVEL = "-O";
				VERSIONING_SYSTEM = "apple-generic";
				VERSION_INFO_PREFIX = "";
			};
			name = Release;
		};
		2B467DC42630B13D003849CB /* Debug */ = {
			isa = XCBuildConfiguration;
			buildSettings = {
				CLANG_ENABLE_MODULES = YES;
				CODE_SIGN_STYLE = Automatic;
				COMBINE_HIDPI_IMAGES = YES;
				DEFINES_MODULE = YES;
				DYLIB_COMPATIBILITY_VERSION = 1;
				DYLIB_CURRENT_VERSION = 1;
				DYLIB_INSTALL_NAME_BASE = "@rpath";
				INFOPLIST_FILE = SentimentifyEngine/Info.plist;
				INSTALL_PATH = "$(LOCAL_LIBRARY_DIR)/Frameworks";
				LD_RUNPATH_SEARCH_PATHS = (
					"$(inherited)",
					"@executable_path/../Frameworks",
					"@loader_path/Frameworks",
				);
				PRODUCT_BUNDLE_IDENTIFIER = app.SentimentifyEngine;
				PRODUCT_NAME = "$(TARGET_NAME:c99extidentifier)";
				SKIP_INSTALL = YES;
				SUPPORTED_PLATFORMS = "iphonesimulator iphoneos macosx";
				SWIFT_OPTIMIZATION_LEVEL = "-Onone";
				SWIFT_VERSION = 5.0;
			};
			name = Debug;
		};
		2B467DC52630B13D003849CB /* Release */ = {
			isa = XCBuildConfiguration;
			buildSettings = {
				CLANG_ENABLE_MODULES = YES;
				CODE_SIGN_STYLE = Automatic;
				COMBINE_HIDPI_IMAGES = YES;
				DEFINES_MODULE = YES;
				DYLIB_COMPATIBILITY_VERSION = 1;
				DYLIB_CURRENT_VERSION = 1;
				DYLIB_INSTALL_NAME_BASE = "@rpath";
				INFOPLIST_FILE = SentimentifyEngine/Info.plist;
				INSTALL_PATH = "$(LOCAL_LIBRARY_DIR)/Frameworks";
				LD_RUNPATH_SEARCH_PATHS = (
					"$(inherited)",
					"@executable_path/../Frameworks",
					"@loader_path/Frameworks",
				);
				PRODUCT_BUNDLE_IDENTIFIER = app.SentimentifyEngine;
				PRODUCT_NAME = "$(TARGET_NAME:c99extidentifier)";
				SKIP_INSTALL = YES;
				SUPPORTED_PLATFORMS = "iphonesimulator iphoneos macosx";
				SWIFT_VERSION = 5.0;
			};
			name = Release;
		};
		2B467DC72630B13D003849CB /* Debug */ = {
			isa = XCBuildConfiguration;
			buildSettings = {
				ALWAYS_EMBED_SWIFT_STANDARD_LIBRARIES = YES;
				CODE_SIGN_STYLE = Automatic;
				COMBINE_HIDPI_IMAGES = YES;
				INFOPLIST_FILE = SentimentifyEngineTests/Info.plist;
				LD_RUNPATH_SEARCH_PATHS = (
					"$(inherited)",
					"@executable_path/../Frameworks",
					"@loader_path/../Frameworks",
				);
				PRODUCT_BUNDLE_IDENTIFIER = app.SentimentifyEngineTests;
				PRODUCT_NAME = "$(TARGET_NAME)";
				SUPPORTED_PLATFORMS = "iphonesimulator iphoneos macosx";
				SWIFT_VERSION = 5.0;
			};
			name = Debug;
		};
		2B467DC82630B13D003849CB /* Release */ = {
			isa = XCBuildConfiguration;
			buildSettings = {
				ALWAYS_EMBED_SWIFT_STANDARD_LIBRARIES = YES;
				CODE_SIGN_STYLE = Automatic;
				COMBINE_HIDPI_IMAGES = YES;
				INFOPLIST_FILE = SentimentifyEngineTests/Info.plist;
				LD_RUNPATH_SEARCH_PATHS = (
					"$(inherited)",
					"@executable_path/../Frameworks",
					"@loader_path/../Frameworks",
				);
				PRODUCT_BUNDLE_IDENTIFIER = app.SentimentifyEngineTests;
				PRODUCT_NAME = "$(TARGET_NAME)";
				SUPPORTED_PLATFORMS = "iphonesimulator iphoneos macosx";
				SWIFT_VERSION = 5.0;
			};
			name = Release;
		};
		2B51B13326359C7100C0695F /* Debug */ = {
			isa = XCBuildConfiguration;
			buildSettings = {
				CLANG_ENABLE_MODULES = YES;
				CODE_SIGN_STYLE = Automatic;
				DEFINES_MODULE = YES;
				DYLIB_COMPATIBILITY_VERSION = 1;
				DYLIB_CURRENT_VERSION = 1;
				DYLIB_INSTALL_NAME_BASE = "@rpath";
				INFOPLIST_FILE = SentimentifyiOS/Info.plist;
				INSTALL_PATH = "$(LOCAL_LIBRARY_DIR)/Frameworks";
				IPHONEOS_DEPLOYMENT_TARGET = 14.4;
				LD_RUNPATH_SEARCH_PATHS = (
					"$(inherited)",
					"@executable_path/Frameworks",
					"@loader_path/Frameworks",
				);
				PRODUCT_BUNDLE_IDENTIFIER = app.SentimentifyiOS;
				PRODUCT_NAME = "$(TARGET_NAME:c99extidentifier)";
				SDKROOT = iphoneos;
				SKIP_INSTALL = YES;
				SWIFT_OPTIMIZATION_LEVEL = "-Onone";
				SWIFT_VERSION = 5.0;
				TARGETED_DEVICE_FAMILY = "1,2";
			};
			name = Debug;
		};
		2B51B13426359C7100C0695F /* Release */ = {
			isa = XCBuildConfiguration;
			buildSettings = {
				CLANG_ENABLE_MODULES = YES;
				CODE_SIGN_STYLE = Automatic;
				DEFINES_MODULE = YES;
				DYLIB_COMPATIBILITY_VERSION = 1;
				DYLIB_CURRENT_VERSION = 1;
				DYLIB_INSTALL_NAME_BASE = "@rpath";
				INFOPLIST_FILE = SentimentifyiOS/Info.plist;
				INSTALL_PATH = "$(LOCAL_LIBRARY_DIR)/Frameworks";
				IPHONEOS_DEPLOYMENT_TARGET = 14.4;
				LD_RUNPATH_SEARCH_PATHS = (
					"$(inherited)",
					"@executable_path/Frameworks",
					"@loader_path/Frameworks",
				);
				PRODUCT_BUNDLE_IDENTIFIER = app.SentimentifyiOS;
				PRODUCT_NAME = "$(TARGET_NAME:c99extidentifier)";
				SDKROOT = iphoneos;
				SKIP_INSTALL = YES;
				SWIFT_VERSION = 5.0;
				TARGETED_DEVICE_FAMILY = "1,2";
				VALIDATE_PRODUCT = YES;
			};
			name = Release;
		};
		2B51B13626359C7100C0695F /* Debug */ = {
			isa = XCBuildConfiguration;
			buildSettings = {
				ALWAYS_EMBED_SWIFT_STANDARD_LIBRARIES = YES;
				CODE_SIGN_STYLE = Automatic;
				INFOPLIST_FILE = SentimentifyiOSTests/Info.plist;
				IPHONEOS_DEPLOYMENT_TARGET = 14.4;
				LD_RUNPATH_SEARCH_PATHS = (
					"$(inherited)",
					"@executable_path/Frameworks",
					"@loader_path/Frameworks",
				);
				PRODUCT_BUNDLE_IDENTIFIER = app.SentimentifyiOSTests;
				PRODUCT_NAME = "$(TARGET_NAME)";
				SDKROOT = iphoneos;
				SWIFT_VERSION = 5.0;
				TARGETED_DEVICE_FAMILY = "1,2";
			};
			name = Debug;
		};
		2B51B13726359C7100C0695F /* Release */ = {
			isa = XCBuildConfiguration;
			buildSettings = {
				ALWAYS_EMBED_SWIFT_STANDARD_LIBRARIES = YES;
				CODE_SIGN_STYLE = Automatic;
				INFOPLIST_FILE = SentimentifyiOSTests/Info.plist;
				IPHONEOS_DEPLOYMENT_TARGET = 14.4;
				LD_RUNPATH_SEARCH_PATHS = (
					"$(inherited)",
					"@executable_path/Frameworks",
					"@loader_path/Frameworks",
				);
				PRODUCT_BUNDLE_IDENTIFIER = app.SentimentifyiOSTests;
				PRODUCT_NAME = "$(TARGET_NAME)";
				SDKROOT = iphoneos;
				SWIFT_VERSION = 5.0;
				TARGETED_DEVICE_FAMILY = "1,2";
				VALIDATE_PRODUCT = YES;
			};
			name = Release;
		};
		2BC513A22634468A0067FDD3 /* Debug */ = {
			isa = XCBuildConfiguration;
			buildSettings = {
				CLANG_ENABLE_MODULES = YES;
				CODE_SIGN_STYLE = Automatic;
				COMBINE_HIDPI_IMAGES = YES;
				DEFINES_MODULE = YES;
				DYLIB_COMPATIBILITY_VERSION = 1;
				DYLIB_CURRENT_VERSION = 1;
				DYLIB_INSTALL_NAME_BASE = "@rpath";
				INFOPLIST_FILE = TwitterSearchInfrastructure/Info.plist;
				INSTALL_PATH = "$(LOCAL_LIBRARY_DIR)/Frameworks";
				LD_RUNPATH_SEARCH_PATHS = (
					"$(inherited)",
					"@executable_path/../Frameworks",
					"@loader_path/Frameworks",
				);
				PRODUCT_BUNDLE_IDENTIFIER = app.TwitterSearchInfrastructure;
				PRODUCT_NAME = "$(TARGET_NAME:c99extidentifier)";
				SKIP_INSTALL = YES;
				SUPPORTED_PLATFORMS = "iphonesimulator iphoneos macosx";
				SWIFT_OPTIMIZATION_LEVEL = "-Onone";
				SWIFT_VERSION = 5.0;
			};
			name = Debug;
		};
		2BC513A32634468A0067FDD3 /* Release */ = {
			isa = XCBuildConfiguration;
			buildSettings = {
				CLANG_ENABLE_MODULES = YES;
				CODE_SIGN_STYLE = Automatic;
				COMBINE_HIDPI_IMAGES = YES;
				DEFINES_MODULE = YES;
				DYLIB_COMPATIBILITY_VERSION = 1;
				DYLIB_CURRENT_VERSION = 1;
				DYLIB_INSTALL_NAME_BASE = "@rpath";
				INFOPLIST_FILE = TwitterSearchInfrastructure/Info.plist;
				INSTALL_PATH = "$(LOCAL_LIBRARY_DIR)/Frameworks";
				LD_RUNPATH_SEARCH_PATHS = (
					"$(inherited)",
					"@executable_path/../Frameworks",
					"@loader_path/Frameworks",
				);
				PRODUCT_BUNDLE_IDENTIFIER = app.TwitterSearchInfrastructure;
				PRODUCT_NAME = "$(TARGET_NAME:c99extidentifier)";
				SKIP_INSTALL = YES;
				SUPPORTED_PLATFORMS = "iphonesimulator iphoneos macosx";
				SWIFT_VERSION = 5.0;
			};
			name = Release;
		};
		2BC513A52634468A0067FDD3 /* Debug */ = {
			isa = XCBuildConfiguration;
			buildSettings = {
				ALWAYS_EMBED_SWIFT_STANDARD_LIBRARIES = YES;
				CLANG_ENABLE_MODULES = YES;
				CODE_SIGN_STYLE = Automatic;
				COMBINE_HIDPI_IMAGES = YES;
				INFOPLIST_FILE = TwitterSearchInfrastructureTests/Info.plist;
				LD_RUNPATH_SEARCH_PATHS = (
					"$(inherited)",
					"@executable_path/../Frameworks",
					"@loader_path/../Frameworks",
				);
				PRODUCT_BUNDLE_IDENTIFIER = app.TwitterSearchInfrastructureTests;
				PRODUCT_NAME = "$(TARGET_NAME)";
				SUPPORTED_PLATFORMS = "iphonesimulator iphoneos macosx";
				SWIFT_OPTIMIZATION_LEVEL = "-Onone";
				SWIFT_VERSION = 5.0;
			};
			name = Debug;
		};
		2BC513A62634468A0067FDD3 /* Release */ = {
			isa = XCBuildConfiguration;
			buildSettings = {
				ALWAYS_EMBED_SWIFT_STANDARD_LIBRARIES = YES;
				CLANG_ENABLE_MODULES = YES;
				CODE_SIGN_STYLE = Automatic;
				COMBINE_HIDPI_IMAGES = YES;
				INFOPLIST_FILE = TwitterSearchInfrastructureTests/Info.plist;
				LD_RUNPATH_SEARCH_PATHS = (
					"$(inherited)",
					"@executable_path/../Frameworks",
					"@loader_path/../Frameworks",
				);
				PRODUCT_BUNDLE_IDENTIFIER = app.TwitterSearchInfrastructureTests;
				PRODUCT_NAME = "$(TARGET_NAME)";
				SUPPORTED_PLATFORMS = "iphonesimulator iphoneos macosx";
				SWIFT_VERSION = 5.0;
			};
			name = Release;
		};
		2BC513C2263448270067FDD3 /* Debug */ = {
			isa = XCBuildConfiguration;
			buildSettings = {
				CLANG_ENABLE_MODULES = YES;
				CODE_SIGN_STYLE = Automatic;
				COMBINE_HIDPI_IMAGES = YES;
				DEFINES_MODULE = YES;
				DYLIB_COMPATIBILITY_VERSION = 1;
				DYLIB_CURRENT_VERSION = 1;
				DYLIB_INSTALL_NAME_BASE = "@rpath";
				INFOPLIST_FILE = GoogleAnalyzeInfrastructure/Info.plist;
				INSTALL_PATH = "$(LOCAL_LIBRARY_DIR)/Frameworks";
				LD_RUNPATH_SEARCH_PATHS = (
					"$(inherited)",
					"@executable_path/../Frameworks",
					"@loader_path/Frameworks",
				);
				PRODUCT_BUNDLE_IDENTIFIER = app.GoogleAnalyzeInfrastructure;
				PRODUCT_NAME = "$(TARGET_NAME:c99extidentifier)";
				SKIP_INSTALL = YES;
				SUPPORTED_PLATFORMS = "iphonesimulator iphoneos macosx";
				SWIFT_OPTIMIZATION_LEVEL = "-Onone";
				SWIFT_VERSION = 5.0;
			};
			name = Debug;
		};
		2BC513C3263448270067FDD3 /* Release */ = {
			isa = XCBuildConfiguration;
			buildSettings = {
				CLANG_ENABLE_MODULES = YES;
				CODE_SIGN_STYLE = Automatic;
				COMBINE_HIDPI_IMAGES = YES;
				DEFINES_MODULE = YES;
				DYLIB_COMPATIBILITY_VERSION = 1;
				DYLIB_CURRENT_VERSION = 1;
				DYLIB_INSTALL_NAME_BASE = "@rpath";
				INFOPLIST_FILE = GoogleAnalyzeInfrastructure/Info.plist;
				INSTALL_PATH = "$(LOCAL_LIBRARY_DIR)/Frameworks";
				LD_RUNPATH_SEARCH_PATHS = (
					"$(inherited)",
					"@executable_path/../Frameworks",
					"@loader_path/Frameworks",
				);
				PRODUCT_BUNDLE_IDENTIFIER = app.GoogleAnalyzeInfrastructure;
				PRODUCT_NAME = "$(TARGET_NAME:c99extidentifier)";
				SKIP_INSTALL = YES;
				SUPPORTED_PLATFORMS = "iphonesimulator iphoneos macosx";
				SWIFT_VERSION = 5.0;
			};
			name = Release;
		};
		2BC513C5263448270067FDD3 /* Debug */ = {
			isa = XCBuildConfiguration;
			buildSettings = {
				ALWAYS_EMBED_SWIFT_STANDARD_LIBRARIES = YES;
				CODE_SIGN_STYLE = Automatic;
				COMBINE_HIDPI_IMAGES = YES;
				INFOPLIST_FILE = GoogleAnalyzeInfrastructureTests/Info.plist;
				LD_RUNPATH_SEARCH_PATHS = (
					"$(inherited)",
					"@executable_path/../Frameworks",
					"@loader_path/../Frameworks",
				);
				PRODUCT_BUNDLE_IDENTIFIER = app.GoogleAnalyzeInfrastructureTests;
				PRODUCT_NAME = "$(TARGET_NAME)";
				SUPPORTED_PLATFORMS = "iphonesimulator iphoneos macosx";
				SWIFT_VERSION = 5.0;
			};
			name = Debug;
		};
		2BC513C6263448270067FDD3 /* Release */ = {
			isa = XCBuildConfiguration;
			buildSettings = {
				ALWAYS_EMBED_SWIFT_STANDARD_LIBRARIES = YES;
				CODE_SIGN_STYLE = Automatic;
				COMBINE_HIDPI_IMAGES = YES;
				INFOPLIST_FILE = GoogleAnalyzeInfrastructureTests/Info.plist;
				LD_RUNPATH_SEARCH_PATHS = (
					"$(inherited)",
					"@executable_path/../Frameworks",
					"@loader_path/../Frameworks",
				);
				PRODUCT_BUNDLE_IDENTIFIER = app.GoogleAnalyzeInfrastructureTests;
				PRODUCT_NAME = "$(TARGET_NAME)";
				SUPPORTED_PLATFORMS = "iphonesimulator iphoneos macosx";
				SWIFT_VERSION = 5.0;
			};
			name = Release;
		};
		2BC514622634686C0067FDD3 /* Debug */ = {
			isa = XCBuildConfiguration;
			buildSettings = {
				CLANG_ENABLE_MODULES = YES;
				CODE_SIGN_STYLE = Automatic;
				EXECUTABLE_PREFIX = lib;
				LD_RUNPATH_SEARCH_PATHS = (
					"$(inherited)",
					"@executable_path/../Frameworks",
					"@loader_path/../Frameworks",
				);
				PRODUCT_NAME = "$(TARGET_NAME)";
				SKIP_INSTALL = YES;
				SUPPORTED_PLATFORMS = "iphonesimulator iphoneos macosx";
				SWIFT_OPTIMIZATION_LEVEL = "-Onone";
				SWIFT_VERSION = 5.0;
			};
			name = Debug;
		};
		2BC514632634686C0067FDD3 /* Release */ = {
			isa = XCBuildConfiguration;
			buildSettings = {
				CLANG_ENABLE_MODULES = YES;
				CODE_SIGN_STYLE = Automatic;
				EXECUTABLE_PREFIX = lib;
				LD_RUNPATH_SEARCH_PATHS = (
					"$(inherited)",
					"@executable_path/../Frameworks",
					"@loader_path/../Frameworks",
				);
				PRODUCT_NAME = "$(TARGET_NAME)";
				SKIP_INSTALL = YES;
				SUPPORTED_PLATFORMS = "iphonesimulator iphoneos macosx";
				SWIFT_VERSION = 5.0;
			};
			name = Release;
		};
/* End XCBuildConfiguration section */

/* Begin XCConfigurationList section */
		2B467DA92630B13D003849CB /* Build configuration list for PBXProject "SentimentifyEngine" */ = {
			isa = XCConfigurationList;
			buildConfigurations = (
				2B467DC12630B13D003849CB /* Debug */,
				2B467DC22630B13D003849CB /* Release */,
			);
			defaultConfigurationIsVisible = 0;
			defaultConfigurationName = Release;
		};
		2B467DC32630B13D003849CB /* Build configuration list for PBXNativeTarget "SentimentifyEngine" */ = {
			isa = XCConfigurationList;
			buildConfigurations = (
				2B467DC42630B13D003849CB /* Debug */,
				2B467DC52630B13D003849CB /* Release */,
			);
			defaultConfigurationIsVisible = 0;
			defaultConfigurationName = Release;
		};
		2B467DC62630B13D003849CB /* Build configuration list for PBXNativeTarget "SentimentifyEngineTests" */ = {
			isa = XCConfigurationList;
			buildConfigurations = (
				2B467DC72630B13D003849CB /* Debug */,
				2B467DC82630B13D003849CB /* Release */,
			);
			defaultConfigurationIsVisible = 0;
			defaultConfigurationName = Release;
		};
		2B51B13226359C7100C0695F /* Build configuration list for PBXNativeTarget "SentimentifyiOS" */ = {
			isa = XCConfigurationList;
			buildConfigurations = (
				2B51B13326359C7100C0695F /* Debug */,
				2B51B13426359C7100C0695F /* Release */,
			);
			defaultConfigurationIsVisible = 0;
			defaultConfigurationName = Release;
		};
		2B51B13526359C7100C0695F /* Build configuration list for PBXNativeTarget "SentimentifyiOSTests" */ = {
			isa = XCConfigurationList;
			buildConfigurations = (
				2B51B13626359C7100C0695F /* Debug */,
				2B51B13726359C7100C0695F /* Release */,
			);
			defaultConfigurationIsVisible = 0;
			defaultConfigurationName = Release;
		};
		2BC513A12634468A0067FDD3 /* Build configuration list for PBXNativeTarget "TwitterSearchInfrastructure" */ = {
			isa = XCConfigurationList;
			buildConfigurations = (
				2BC513A22634468A0067FDD3 /* Debug */,
				2BC513A32634468A0067FDD3 /* Release */,
			);
			defaultConfigurationIsVisible = 0;
			defaultConfigurationName = Release;
		};
		2BC513A42634468A0067FDD3 /* Build configuration list for PBXNativeTarget "TwitterSearchInfrastructureTests" */ = {
			isa = XCConfigurationList;
			buildConfigurations = (
				2BC513A52634468A0067FDD3 /* Debug */,
				2BC513A62634468A0067FDD3 /* Release */,
			);
			defaultConfigurationIsVisible = 0;
			defaultConfigurationName = Release;
		};
		2BC513C1263448270067FDD3 /* Build configuration list for PBXNativeTarget "GoogleAnalyzeInfrastructure" */ = {
			isa = XCConfigurationList;
			buildConfigurations = (
				2BC513C2263448270067FDD3 /* Debug */,
				2BC513C3263448270067FDD3 /* Release */,
			);
			defaultConfigurationIsVisible = 0;
			defaultConfigurationName = Release;
		};
		2BC513C4263448270067FDD3 /* Build configuration list for PBXNativeTarget "GoogleAnalyzeInfrastructureTests" */ = {
			isa = XCConfigurationList;
			buildConfigurations = (
				2BC513C5263448270067FDD3 /* Debug */,
				2BC513C6263448270067FDD3 /* Release */,
			);
			defaultConfigurationIsVisible = 0;
			defaultConfigurationName = Release;
		};
		2BC514612634686C0067FDD3 /* Build configuration list for PBXNativeTarget "SentimentifyTestExtensions" */ = {
			isa = XCConfigurationList;
			buildConfigurations = (
				2BC514622634686C0067FDD3 /* Debug */,
				2BC514632634686C0067FDD3 /* Release */,
			);
			defaultConfigurationIsVisible = 0;
			defaultConfigurationName = Release;
		};
/* End XCConfigurationList section */

/* Begin XCRemoteSwiftPackageReference section */
		2B07B68A2636095800F68276 /* XCRemoteSwiftPackageReference "Kingfisher" */ = {
			isa = XCRemoteSwiftPackageReference;
			repositoryURL = "https://github.com/onevcat/Kingfisher";
			requirement = {
				kind = upToNextMajorVersion;
				minimumVersion = 6.3.0;
			};
		};
/* End XCRemoteSwiftPackageReference section */

/* Begin XCSwiftPackageProductDependency section */
		2B07B68B2636095800F68276 /* Kingfisher */ = {
			isa = XCSwiftPackageProductDependency;
			package = 2B07B68A2636095800F68276 /* XCRemoteSwiftPackageReference "Kingfisher" */;
			productName = Kingfisher;
		};
/* End XCSwiftPackageProductDependency section */
	};
	rootObject = 2B467DA62630B13D003849CB /* Project object */;
}
